// !$*UTF8*$!
{
	archiveVersion = 1;
	classes = {
	};
	objectVersion = 46;
	objects = {

/* Begin PBXBuildFile section */
		5F034123159E77D000A81275 /* LogEntryViewController.m in Sources */ = {isa = PBXBuildFile; fileRef = 5F034122159E77D000A81275 /* LogEntryViewController.m */; };
		5F0FAA7A15AD4B33005408AF /* libTestFlight.a in Frameworks */ = {isa = PBXBuildFile; fileRef = 5F0FAA7515AD4B33005408AF /* libTestFlight.a */; };
		5F0FAA7B15AD4B33005408AF /* README.txt in Resources */ = {isa = PBXBuildFile; fileRef = 5F0FAA7615AD4B33005408AF /* README.txt */; };
		5F0FAA7C15AD4B33005408AF /* release_notes.txt in Resources */ = {isa = PBXBuildFile; fileRef = 5F0FAA7715AD4B33005408AF /* release_notes.txt */; };
		5F0FAA7F15AD4B8E005408AF /* libz.dylib in Frameworks */ = {isa = PBXBuildFile; fileRef = 5F0FAA7E15AD4B8E005408AF /* libz.dylib */; };
		5F0FAA8215ADB75A005408AF /* RMComment.m in Sources */ = {isa = PBXBuildFile; fileRef = 5F0FAA8115ADB75A005408AF /* RMComment.m */; };
		5F15615615A8BFB40065BAA2 /* LoginViewController.m in Sources */ = {isa = PBXBuildFile; fileRef = 5F15615515A8BFB40065BAA2 /* LoginViewController.m */; };
		5F15615D15A907C80065BAA2 /* NoteCell.m in Sources */ = {isa = PBXBuildFile; fileRef = 5F15615C15A907C80065BAA2 /* NoteCell.m */; };
		5F286C2D159E93E400310016 /* LogEntryCell.m in Sources */ = {isa = PBXBuildFile; fileRef = 5F286C2C159E93E400310016 /* LogEntryCell.m */; };
		5F4540E315A736CE00386BEC /* RMNote.m in Sources */ = {isa = PBXBuildFile; fileRef = 5F4540E215A736CE00386BEC /* RMNote.m */; };
		5F703C441598FECD00EA51DF /* UIKit.framework in Frameworks */ = {isa = PBXBuildFile; fileRef = 5F703C431598FECD00EA51DF /* UIKit.framework */; };
		5F703C461598FECD00EA51DF /* Foundation.framework in Frameworks */ = {isa = PBXBuildFile; fileRef = 5F703C451598FECD00EA51DF /* Foundation.framework */; };
		5F703C481598FECD00EA51DF /* CoreGraphics.framework in Frameworks */ = {isa = PBXBuildFile; fileRef = 5F703C471598FECD00EA51DF /* CoreGraphics.framework */; };
		5F703C4E1598FECD00EA51DF /* InfoPlist.strings in Resources */ = {isa = PBXBuildFile; fileRef = 5F703C4C1598FECD00EA51DF /* InfoPlist.strings */; };
		5F703C501598FECD00EA51DF /* main.m in Sources */ = {isa = PBXBuildFile; fileRef = 5F703C4F1598FECD00EA51DF /* main.m */; };
		5F703C541598FECD00EA51DF /* AppDelegate.m in Sources */ = {isa = PBXBuildFile; fileRef = 5F703C531598FECD00EA51DF /* AppDelegate.m */; };
		5F703C571598FECD00EA51DF /* MainStoryboard.storyboard in Resources */ = {isa = PBXBuildFile; fileRef = 5F703C551598FECD00EA51DF /* MainStoryboard.storyboard */; };
		5F9A5EDC15AE594E0053D6B3 /* NoteAddViewController.m in Sources */ = {isa = PBXBuildFile; fileRef = 5F9A5EDB15AE594E0053D6B3 /* NoteAddViewController.m */; };
		5F9A5EE315AE84F50053D6B3 /* arrow.png in Resources */ = {isa = PBXBuildFile; fileRef = 5F9A5EDE15AE84F50053D6B3 /* arrow.png */; };
		5F9A5EE415AE84F50053D6B3 /* arrow@2x.png in Resources */ = {isa = PBXBuildFile; fileRef = 5F9A5EDF15AE84F50053D6B3 /* arrow@2x.png */; };
		5F9A5EE515AE84F50053D6B3 /* PullToRefreshView.m in Sources */ = {isa = PBXBuildFile; fileRef = 5F9A5EE115AE84F50053D6B3 /* PullToRefreshView.m */; };
		5FAD766D15A13F01005BBCAC /* ZUUIRevealController.m in Sources */ = {isa = PBXBuildFile; fileRef = 5FAD766C15A13F01005BBCAC /* ZUUIRevealController.m */; };
		5FAD767915A16321005BBCAC /* MenuViewController.m in Sources */ = {isa = PBXBuildFile; fileRef = 5FAD767815A16321005BBCAC /* MenuViewController.m */; };
		5FAD767E15A218F0005BBCAC /* RMData.xcdatamodeld in Sources */ = {isa = PBXBuildFile; fileRef = 5FAD767C15A218F0005BBCAC /* RMData.xcdatamodeld */; };
		5FD475B2159B536C00F4907C /* CFNetwork.framework in Frameworks */ = {isa = PBXBuildFile; fileRef = 5FD475B0159B536C00F4907C /* CFNetwork.framework */; };
		5FD475B3159B536C00F4907C /* CoreData.framework in Frameworks */ = {isa = PBXBuildFile; fileRef = 5FD475B1159B536C00F4907C /* CoreData.framework */; };
		5FD475B5159B537C00F4907C /* Security.framework in Frameworks */ = {isa = PBXBuildFile; fileRef = 5FD475B4159B537C00F4907C /* Security.framework */; };
		5FD475B7159B539400F4907C /* QuartzCore.framework in Frameworks */ = {isa = PBXBuildFile; fileRef = 5FD475B6159B539400F4907C /* QuartzCore.framework */; };
		5FD475B9159B539E00F4907C /* libxml2.dylib in Frameworks */ = {isa = PBXBuildFile; fileRef = 5FD475B8159B539E00F4907C /* libxml2.dylib */; };
		5FD475BB159B53A800F4907C /* SystemConfiguration.framework in Frameworks */ = {isa = PBXBuildFile; fileRef = 5FD475BA159B53A800F4907C /* SystemConfiguration.framework */; };
		5FD475BD159B53C200F4907C /* MobileCoreServices.framework in Frameworks */ = {isa = PBXBuildFile; fileRef = 5FD475BC159B53C200F4907C /* MobileCoreServices.framework */; };
		5FD475C0159B552600F4907C /* libRestKit.a in Frameworks */ = {isa = PBXBuildFile; fileRef = 5FD475A3159B51CA00F4907C /* libRestKit.a */; };
		5FD475C4159B5B0500F4907C /* RMUser.m in Sources */ = {isa = PBXBuildFile; fileRef = 5FD475C3159B5B0500F4907C /* RMUser.m */; };
		5FD475C7159B667400F4907C /* RMSession.m in Sources */ = {isa = PBXBuildFile; fileRef = 5FD475C6159B667400F4907C /* RMSession.m */; };
		5FD56C0D159C2B6E00FCAF22 /* RMLogEntry.m in Sources */ = {isa = PBXBuildFile; fileRef = 5FD56C0C159C2B6E00FCAF22 /* RMLogEntry.m */; };
		5FD809E9159BABCB00621038 /* RMHousehold.m in Sources */ = {isa = PBXBuildFile; fileRef = 5FD809E8159BABCB00621038 /* RMHousehold.m */; };
		5FFBCFC115A68F1700CF161A /* NoteListViewController.m in Sources */ = {isa = PBXBuildFile; fileRef = 5FFBCFC015A68F1700CF161A /* NoteListViewController.m */; };
		5FFBCFC815A69B4500CF161A /* RMListViewController.m in Sources */ = {isa = PBXBuildFile; fileRef = 5FFBCFC715A69B4500CF161A /* RMListViewController.m */; };
		5FFBCFCD15A6A41500CF161A /* SVProgressHUD.bundle in Resources */ = {isa = PBXBuildFile; fileRef = 5FFBCFCA15A6A41500CF161A /* SVProgressHUD.bundle */; };
		5FFBCFCE15A6A41500CF161A /* SVProgressHUD.m in Sources */ = {isa = PBXBuildFile; fileRef = 5FFBCFCC15A6A41500CF161A /* SVProgressHUD.m */; };
		5FFBCFD115A6A9D600CF161A /* default.png in Resources */ = {isa = PBXBuildFile; fileRef = 5FFBCFCF15A6A9D600CF161A /* default.png */; };
		5FFBCFD215A6A9D600CF161A /* default@2x.png in Resources */ = {isa = PBXBuildFile; fileRef = 5FFBCFD015A6A9D600CF161A /* default@2x.png */; };
		5FFBCFD515A6AB4300CF161A /* Icon.png in Resources */ = {isa = PBXBuildFile; fileRef = 5FFBCFD315A6AB4200CF161A /* Icon.png */; };
		5FFBCFDA15A6ACB800CF161A /* Icon@2x.png in Resources */ = {isa = PBXBuildFile; fileRef = 5FFBCFD915A6ACB800CF161A /* Icon@2x.png */; };
/* End PBXBuildFile section */

/* Begin PBXContainerItemProxy section */
		5FD475A2159B51CA00F4907C /* PBXContainerItemProxy */ = {
			isa = PBXContainerItemProxy;
			containerPortal = 5FD47597159B51C900F4907C /* RestKit.xcodeproj */;
			proxyType = 2;
			remoteGlobalIDString = 25160D1614564E810060A5C5;
			remoteInfo = RestKit;
		};
		5FD475A4159B51CA00F4907C /* PBXContainerItemProxy */ = {
			isa = PBXContainerItemProxy;
			containerPortal = 5FD47597159B51C900F4907C /* RestKit.xcodeproj */;
			proxyType = 2;
			remoteGlobalIDString = 25160D2614564E820060A5C5;
			remoteInfo = RestKitTests;
		};
		5FD475A6159B51CA00F4907C /* PBXContainerItemProxy */ = {
			isa = PBXContainerItemProxy;
			containerPortal = 5FD47597159B51C900F4907C /* RestKit.xcodeproj */;
			proxyType = 2;
			remoteGlobalIDString = 25160E62145651060060A5C5;
			remoteInfo = RestKitFramework;
		};
		5FD475A8159B51CA00F4907C /* PBXContainerItemProxy */ = {
			isa = PBXContainerItemProxy;
			containerPortal = 5FD47597159B51C900F4907C /* RestKit.xcodeproj */;
			proxyType = 2;
			remoteGlobalIDString = 25160E78145651060060A5C5;
			remoteInfo = RestKitFrameworkTests;
		};
		5FD475AA159B51CA00F4907C /* PBXContainerItemProxy */ = {
			isa = PBXContainerItemProxy;
			containerPortal = 5FD47597159B51C900F4907C /* RestKit.xcodeproj */;
			proxyType = 2;
			remoteGlobalIDString = 259C301615128079003066A2;
			remoteInfo = RestKitResources;
		};
		5FD475BE159B54D800F4907C /* PBXContainerItemProxy */ = {
			isa = PBXContainerItemProxy;
			containerPortal = 5FD47597159B51C900F4907C /* RestKit.xcodeproj */;
			proxyType = 1;
			remoteGlobalIDString = 25160D1514564E810060A5C5;
			remoteInfo = RestKit;
		};
/* End PBXContainerItemProxy section */

/* Begin PBXFileReference section */
		5F034121159E77D000A81275 /* LogEntryViewController.h */ = {isa = PBXFileReference; fileEncoding = 4; lastKnownFileType = sourcecode.c.h; path = LogEntryViewController.h; sourceTree = "<group>"; };
		5F034122159E77D000A81275 /* LogEntryViewController.m */ = {isa = PBXFileReference; fileEncoding = 4; lastKnownFileType = sourcecode.c.objc; path = LogEntryViewController.m; sourceTree = "<group>"; };
		5F0FAA7515AD4B33005408AF /* libTestFlight.a */ = {isa = PBXFileReference; lastKnownFileType = archive.ar; path = libTestFlight.a; sourceTree = "<group>"; };
		5F0FAA7615AD4B33005408AF /* README.txt */ = {isa = PBXFileReference; fileEncoding = 4; lastKnownFileType = text; path = README.txt; sourceTree = "<group>"; };
		5F0FAA7715AD4B33005408AF /* release_notes.txt */ = {isa = PBXFileReference; fileEncoding = 4; lastKnownFileType = text; path = release_notes.txt; sourceTree = "<group>"; };
		5F0FAA7815AD4B33005408AF /* TestFlight.h */ = {isa = PBXFileReference; fileEncoding = 4; lastKnownFileType = sourcecode.c.h; path = TestFlight.h; sourceTree = "<group>"; };
		5F0FAA7E15AD4B8E005408AF /* libz.dylib */ = {isa = PBXFileReference; lastKnownFileType = "compiled.mach-o.dylib"; name = libz.dylib; path = usr/lib/libz.dylib; sourceTree = SDKROOT; };
		5F0FAA8015ADB75A005408AF /* RMComment.h */ = {isa = PBXFileReference; fileEncoding = 4; lastKnownFileType = sourcecode.c.h; path = RMComment.h; sourceTree = "<group>"; };
		5F0FAA8115ADB75A005408AF /* RMComment.m */ = {isa = PBXFileReference; fileEncoding = 4; lastKnownFileType = sourcecode.c.objc; path = RMComment.m; sourceTree = "<group>"; };
		5F15615415A8BFB40065BAA2 /* LoginViewController.h */ = {isa = PBXFileReference; fileEncoding = 4; lastKnownFileType = sourcecode.c.h; path = LoginViewController.h; sourceTree = "<group>"; };
		5F15615515A8BFB40065BAA2 /* LoginViewController.m */ = {isa = PBXFileReference; fileEncoding = 4; lastKnownFileType = sourcecode.c.objc; path = LoginViewController.m; sourceTree = "<group>"; };
		5F15615B15A907C80065BAA2 /* NoteCell.h */ = {isa = PBXFileReference; fileEncoding = 4; lastKnownFileType = sourcecode.c.h; path = NoteCell.h; sourceTree = "<group>"; };
		5F15615C15A907C80065BAA2 /* NoteCell.m */ = {isa = PBXFileReference; fileEncoding = 4; lastKnownFileType = sourcecode.c.objc; path = NoteCell.m; sourceTree = "<group>"; };
		5F286C2B159E93E400310016 /* LogEntryCell.h */ = {isa = PBXFileReference; fileEncoding = 4; lastKnownFileType = sourcecode.c.h; path = LogEntryCell.h; sourceTree = "<group>"; };
		5F286C2C159E93E400310016 /* LogEntryCell.m */ = {isa = PBXFileReference; fileEncoding = 4; lastKnownFileType = sourcecode.c.objc; path = LogEntryCell.m; sourceTree = "<group>"; };
		5F4540E115A736CE00386BEC /* RMNote.h */ = {isa = PBXFileReference; fileEncoding = 4; lastKnownFileType = sourcecode.c.h; path = RMNote.h; sourceTree = "<group>"; };
		5F4540E215A736CE00386BEC /* RMNote.m */ = {isa = PBXFileReference; fileEncoding = 4; lastKnownFileType = sourcecode.c.objc; path = RMNote.m; sourceTree = "<group>"; };
		5F703C3F1598FECD00EA51DF /* roommates.app */ = {isa = PBXFileReference; explicitFileType = wrapper.application; includeInIndex = 0; path = roommates.app; sourceTree = BUILT_PRODUCTS_DIR; };
		5F703C431598FECD00EA51DF /* UIKit.framework */ = {isa = PBXFileReference; lastKnownFileType = wrapper.framework; name = UIKit.framework; path = System/Library/Frameworks/UIKit.framework; sourceTree = SDKROOT; };
		5F703C451598FECD00EA51DF /* Foundation.framework */ = {isa = PBXFileReference; lastKnownFileType = wrapper.framework; name = Foundation.framework; path = System/Library/Frameworks/Foundation.framework; sourceTree = SDKROOT; };
		5F703C471598FECD00EA51DF /* CoreGraphics.framework */ = {isa = PBXFileReference; lastKnownFileType = wrapper.framework; name = CoreGraphics.framework; path = System/Library/Frameworks/CoreGraphics.framework; sourceTree = SDKROOT; };
		5F703C4B1598FECD00EA51DF /* roommates-Info.plist */ = {isa = PBXFileReference; lastKnownFileType = text.plist.xml; path = "roommates-Info.plist"; sourceTree = "<group>"; };
		5F703C4D1598FECD00EA51DF /* en */ = {isa = PBXFileReference; lastKnownFileType = text.plist.strings; name = en; path = en.lproj/InfoPlist.strings; sourceTree = "<group>"; };
		5F703C4F1598FECD00EA51DF /* main.m */ = {isa = PBXFileReference; lastKnownFileType = sourcecode.c.objc; path = main.m; sourceTree = "<group>"; };
		5F703C511598FECD00EA51DF /* roommates-Prefix.pch */ = {isa = PBXFileReference; lastKnownFileType = sourcecode.c.h; path = "roommates-Prefix.pch"; sourceTree = "<group>"; };
		5F703C521598FECD00EA51DF /* AppDelegate.h */ = {isa = PBXFileReference; lastKnownFileType = sourcecode.c.h; path = AppDelegate.h; sourceTree = "<group>"; };
		5F703C531598FECD00EA51DF /* AppDelegate.m */ = {isa = PBXFileReference; lastKnownFileType = sourcecode.c.objc; path = AppDelegate.m; sourceTree = "<group>"; };
		5F703C561598FECD00EA51DF /* en */ = {isa = PBXFileReference; lastKnownFileType = file.storyboard; name = en; path = en.lproj/MainStoryboard.storyboard; sourceTree = "<group>"; };
		5F9A5EDA15AE594E0053D6B3 /* NoteAddViewController.h */ = {isa = PBXFileReference; fileEncoding = 4; lastKnownFileType = sourcecode.c.h; path = NoteAddViewController.h; sourceTree = "<group>"; };
		5F9A5EDB15AE594E0053D6B3 /* NoteAddViewController.m */ = {isa = PBXFileReference; fileEncoding = 4; lastKnownFileType = sourcecode.c.objc; path = NoteAddViewController.m; sourceTree = "<group>"; };
		5F9A5EDE15AE84F50053D6B3 /* arrow.png */ = {isa = PBXFileReference; lastKnownFileType = image.png; path = arrow.png; sourceTree = "<group>"; };
		5F9A5EDF15AE84F50053D6B3 /* arrow@2x.png */ = {isa = PBXFileReference; lastKnownFileType = image.png; path = "arrow@2x.png"; sourceTree = "<group>"; };
		5F9A5EE015AE84F50053D6B3 /* PullToRefreshView.h */ = {isa = PBXFileReference; fileEncoding = 4; lastKnownFileType = sourcecode.c.h; path = PullToRefreshView.h; sourceTree = "<group>"; };
		5F9A5EE115AE84F50053D6B3 /* PullToRefreshView.m */ = {isa = PBXFileReference; fileEncoding = 4; lastKnownFileType = sourcecode.c.objc; path = PullToRefreshView.m; sourceTree = "<group>"; };
		5F9E5ED015A29C08007D355C /* RMObject.h */ = {isa = PBXFileReference; lastKnownFileType = sourcecode.c.h; path = RMObject.h; sourceTree = "<group>"; };
		5FAD766A15A13F01005BBCAC /* ZUUIRevealController-Prefix.pch */ = {isa = PBXFileReference; fileEncoding = 4; lastKnownFileType = sourcecode.c.h; path = "ZUUIRevealController-Prefix.pch"; sourceTree = "<group>"; };
		5FAD766B15A13F01005BBCAC /* ZUUIRevealController.h */ = {isa = PBXFileReference; fileEncoding = 4; lastKnownFileType = sourcecode.c.h; path = ZUUIRevealController.h; sourceTree = "<group>"; };
		5FAD766C15A13F01005BBCAC /* ZUUIRevealController.m */ = {isa = PBXFileReference; fileEncoding = 4; lastKnownFileType = sourcecode.c.objc; path = ZUUIRevealController.m; sourceTree = "<group>"; };
		5FAD767715A16321005BBCAC /* MenuViewController.h */ = {isa = PBXFileReference; fileEncoding = 4; lastKnownFileType = sourcecode.c.h; path = MenuViewController.h; sourceTree = "<group>"; };
		5FAD767815A16321005BBCAC /* MenuViewController.m */ = {isa = PBXFileReference; fileEncoding = 4; lastKnownFileType = sourcecode.c.objc; path = MenuViewController.m; sourceTree = "<group>"; };
		5FAD767D15A218F0005BBCAC /* RMData.xcdatamodel */ = {isa = PBXFileReference; lastKnownFileType = wrapper.xcdatamodel; path = RMData.xcdatamodel; sourceTree = "<group>"; };
		5FD47597159B51C900F4907C /* RestKit.xcodeproj */ = {isa = PBXFileReference; lastKnownFileType = "wrapper.pb-project"; name = RestKit.xcodeproj; path = RestKit/RestKit.xcodeproj; sourceTree = "<group>"; };
		5FD475B0159B536C00F4907C /* CFNetwork.framework */ = {isa = PBXFileReference; lastKnownFileType = wrapper.framework; name = CFNetwork.framework; path = System/Library/Frameworks/CFNetwork.framework; sourceTree = SDKROOT; };
		5FD475B1159B536C00F4907C /* CoreData.framework */ = {isa = PBXFileReference; lastKnownFileType = wrapper.framework; name = CoreData.framework; path = System/Library/Frameworks/CoreData.framework; sourceTree = SDKROOT; };
		5FD475B4159B537C00F4907C /* Security.framework */ = {isa = PBXFileReference; lastKnownFileType = wrapper.framework; name = Security.framework; path = System/Library/Frameworks/Security.framework; sourceTree = SDKROOT; };
		5FD475B6159B539400F4907C /* QuartzCore.framework */ = {isa = PBXFileReference; lastKnownFileType = wrapper.framework; name = QuartzCore.framework; path = System/Library/Frameworks/QuartzCore.framework; sourceTree = SDKROOT; };
		5FD475B8159B539E00F4907C /* libxml2.dylib */ = {isa = PBXFileReference; lastKnownFileType = "compiled.mach-o.dylib"; name = libxml2.dylib; path = usr/lib/libxml2.dylib; sourceTree = SDKROOT; };
		5FD475BA159B53A800F4907C /* SystemConfiguration.framework */ = {isa = PBXFileReference; lastKnownFileType = wrapper.framework; name = SystemConfiguration.framework; path = System/Library/Frameworks/SystemConfiguration.framework; sourceTree = SDKROOT; };
		5FD475BC159B53C200F4907C /* MobileCoreServices.framework */ = {isa = PBXFileReference; lastKnownFileType = wrapper.framework; name = MobileCoreServices.framework; path = System/Library/Frameworks/MobileCoreServices.framework; sourceTree = SDKROOT; };
		5FD475C2159B5B0500F4907C /* RMUser.h */ = {isa = PBXFileReference; fileEncoding = 4; lastKnownFileType = sourcecode.c.h; path = RMUser.h; sourceTree = "<group>"; };
		5FD475C3159B5B0500F4907C /* RMUser.m */ = {isa = PBXFileReference; fileEncoding = 4; lastKnownFileType = sourcecode.c.objc; path = RMUser.m; sourceTree = "<group>"; };
		5FD475C5159B667400F4907C /* RMSession.h */ = {isa = PBXFileReference; fileEncoding = 4; lastKnownFileType = sourcecode.c.h; path = RMSession.h; sourceTree = "<group>"; };
		5FD475C6159B667400F4907C /* RMSession.m */ = {isa = PBXFileReference; fileEncoding = 4; lastKnownFileType = sourcecode.c.objc; path = RMSession.m; sourceTree = "<group>"; };
		5FD56C0B159C2B6E00FCAF22 /* RMLogEntry.h */ = {isa = PBXFileReference; fileEncoding = 4; lastKnownFileType = sourcecode.c.h; path = RMLogEntry.h; sourceTree = "<group>"; };
		5FD56C0C159C2B6E00FCAF22 /* RMLogEntry.m */ = {isa = PBXFileReference; fileEncoding = 4; lastKnownFileType = sourcecode.c.objc; path = RMLogEntry.m; sourceTree = "<group>"; };
		5FD809E7159BABCB00621038 /* RMHousehold.h */ = {isa = PBXFileReference; fileEncoding = 4; lastKnownFileType = sourcecode.c.h; path = RMHousehold.h; sourceTree = "<group>"; };
		5FD809E8159BABCB00621038 /* RMHousehold.m */ = {isa = PBXFileReference; fileEncoding = 4; lastKnownFileType = sourcecode.c.objc; path = RMHousehold.m; sourceTree = "<group>"; };
		5FFBCFBF15A68F1700CF161A /* NoteListViewController.h */ = {isa = PBXFileReference; fileEncoding = 4; lastKnownFileType = sourcecode.c.h; path = NoteListViewController.h; sourceTree = "<group>"; };
		5FFBCFC015A68F1700CF161A /* NoteListViewController.m */ = {isa = PBXFileReference; fileEncoding = 4; lastKnownFileType = sourcecode.c.objc; path = NoteListViewController.m; sourceTree = "<group>"; };
		5FFBCFC615A69B4500CF161A /* RMListViewController.h */ = {isa = PBXFileReference; fileEncoding = 4; lastKnownFileType = sourcecode.c.h; path = RMListViewController.h; sourceTree = "<group>"; };
		5FFBCFC715A69B4500CF161A /* RMListViewController.m */ = {isa = PBXFileReference; fileEncoding = 4; lastKnownFileType = sourcecode.c.objc; path = RMListViewController.m; sourceTree = "<group>"; };
		5FFBCFCA15A6A41500CF161A /* SVProgressHUD.bundle */ = {isa = PBXFileReference; lastKnownFileType = "wrapper.plug-in"; path = SVProgressHUD.bundle; sourceTree = "<group>"; };
		5FFBCFCB15A6A41500CF161A /* SVProgressHUD.h */ = {isa = PBXFileReference; fileEncoding = 4; lastKnownFileType = sourcecode.c.h; path = SVProgressHUD.h; sourceTree = "<group>"; };
		5FFBCFCC15A6A41500CF161A /* SVProgressHUD.m */ = {isa = PBXFileReference; fileEncoding = 4; lastKnownFileType = sourcecode.c.objc; path = SVProgressHUD.m; sourceTree = "<group>"; };
		5FFBCFCF15A6A9D600CF161A /* default.png */ = {isa = PBXFileReference; lastKnownFileType = image.png; path = default.png; sourceTree = "<group>"; };
		5FFBCFD015A6A9D600CF161A /* default@2x.png */ = {isa = PBXFileReference; lastKnownFileType = image.png; path = "default@2x.png"; sourceTree = "<group>"; };
		5FFBCFD315A6AB4200CF161A /* Icon.png */ = {isa = PBXFileReference; lastKnownFileType = image.png; path = Icon.png; sourceTree = "<group>"; };
		5FFBCFD915A6ACB800CF161A /* Icon@2x.png */ = {isa = PBXFileReference; lastKnownFileType = image.png; name = "Icon@2x.png"; path = "../Icon@2x.png"; sourceTree = "<group>"; };
/* End PBXFileReference section */

/* Begin PBXFrameworksBuildPhase section */
		5F703C3C1598FECD00EA51DF /* Frameworks */ = {
			isa = PBXFrameworksBuildPhase;
			buildActionMask = 2147483647;
			files = (
				5F0FAA7F15AD4B8E005408AF /* libz.dylib in Frameworks */,
				5FD475C0159B552600F4907C /* libRestKit.a in Frameworks */,
				5FD475B9159B539E00F4907C /* libxml2.dylib in Frameworks */,
				5FD475B7159B539400F4907C /* QuartzCore.framework in Frameworks */,
				5FD475BB159B53A800F4907C /* SystemConfiguration.framework in Frameworks */,
				5FD475B5159B537C00F4907C /* Security.framework in Frameworks */,
				5FD475BD159B53C200F4907C /* MobileCoreServices.framework in Frameworks */,
				5FD475B3159B536C00F4907C /* CoreData.framework in Frameworks */,
				5FD475B2159B536C00F4907C /* CFNetwork.framework in Frameworks */,
				5F703C441598FECD00EA51DF /* UIKit.framework in Frameworks */,
				5F703C461598FECD00EA51DF /* Foundation.framework in Frameworks */,
				5F703C481598FECD00EA51DF /* CoreGraphics.framework in Frameworks */,
				5F0FAA7A15AD4B33005408AF /* libTestFlight.a in Frameworks */,
			);
			runOnlyForDeploymentPostprocessing = 0;
		};
/* End PBXFrameworksBuildPhase section */

/* Begin PBXGroup section */
		5F0FAA7415AD4B33005408AF /* TestFlight */ = {
			isa = PBXGroup;
			children = (
				5F0FAA7515AD4B33005408AF /* libTestFlight.a */,
				5F0FAA7615AD4B33005408AF /* README.txt */,
				5F0FAA7715AD4B33005408AF /* release_notes.txt */,
				5F0FAA7815AD4B33005408AF /* TestFlight.h */,
			);
			path = TestFlight;
			sourceTree = "<group>";
		};
		5F15614F15A8BE350065BAA2 /* Login */ = {
			isa = PBXGroup;
			children = (
				5F15615415A8BFB40065BAA2 /* LoginViewController.h */,
				5F15615515A8BFB40065BAA2 /* LoginViewController.m */,
			);
			name = Login;
			sourceTree = "<group>";
		};
		5F286C2A159E93C500310016 /* ActivityFeed */ = {
			isa = PBXGroup;
			children = (
				5F034121159E77D000A81275 /* LogEntryViewController.h */,
				5F034122159E77D000A81275 /* LogEntryViewController.m */,
				5F286C2B159E93E400310016 /* LogEntryCell.h */,
				5F286C2C159E93E400310016 /* LogEntryCell.m */,
			);
			name = ActivityFeed;
			sourceTree = "<group>";
		};
		5F703C341598FECC00EA51DF = {
			isa = PBXGroup;
			children = (
				5F0FAA7E15AD4B8E005408AF /* libz.dylib */,
				5FD47597159B51C900F4907C /* RestKit.xcodeproj */,
				5F703C491598FECD00EA51DF /* roommates */,
				5F703C421598FECD00EA51DF /* Frameworks */,
				5F703C401598FECD00EA51DF /* Products */,
			);
			sourceTree = "<group>";
		};
		5F703C401598FECD00EA51DF /* Products */ = {
			isa = PBXGroup;
			children = (
				5F703C3F1598FECD00EA51DF /* roommates.app */,
			);
			name = Products;
			sourceTree = "<group>";
		};
		5F703C421598FECD00EA51DF /* Frameworks */ = {
			isa = PBXGroup;
			children = (
				5FD475BC159B53C200F4907C /* MobileCoreServices.framework */,
				5FD475BA159B53A800F4907C /* SystemConfiguration.framework */,
				5FD475B8159B539E00F4907C /* libxml2.dylib */,
				5FD475B6159B539400F4907C /* QuartzCore.framework */,
				5FD475B4159B537C00F4907C /* Security.framework */,
				5FD475B0159B536C00F4907C /* CFNetwork.framework */,
				5FD475B1159B536C00F4907C /* CoreData.framework */,
				5F703C431598FECD00EA51DF /* UIKit.framework */,
				5F703C451598FECD00EA51DF /* Foundation.framework */,
				5F703C471598FECD00EA51DF /* CoreGraphics.framework */,
			);
			name = Frameworks;
			sourceTree = "<group>";
		};
		5F703C491598FECD00EA51DF /* roommates */ = {
			isa = PBXGroup;
			children = (
				5FD475C1159B5ADA00F4907C /* DataObjects */,
				5F703C551598FECD00EA51DF /* MainStoryboard.storyboard */,
				5FFBCFC615A69B4500CF161A /* RMListViewController.h */,
				5FFBCFC715A69B4500CF161A /* RMListViewController.m */,
				5F15614F15A8BE350065BAA2 /* Login */,
				5FAD767215A144F1005BBCAC /* Menu */,
				5F286C2A159E93C500310016 /* ActivityFeed */,
				5FFBCFBE15A68E8100CF161A /* Notes */,
				5F703C4A1598FECD00EA51DF /* Supporting Files */,
				5F9A5EDD15AE84F40053D6B3 /* PullToRefresh */,
				5FFBCFC915A6A41500CF161A /* SVProgressHUD */,
				5F0FAA7415AD4B33005408AF /* TestFlight */,
				5FAD766915A13F01005BBCAC /* ZUUIRevealController */,
			);
			path = roommates;
			sourceTree = "<group>";
		};
		5F703C4A1598FECD00EA51DF /* Supporting Files */ = {
			isa = PBXGroup;
			children = (
				5FFBCFD315A6AB4200CF161A /* Icon.png */,
				5FFBCFD915A6ACB800CF161A /* Icon@2x.png */,
				5FFBCFCF15A6A9D600CF161A /* default.png */,
				5FFBCFD015A6A9D600CF161A /* default@2x.png */,
				5F703C521598FECD00EA51DF /* AppDelegate.h */,
				5F703C531598FECD00EA51DF /* AppDelegate.m */,
				5F703C4B1598FECD00EA51DF /* roommates-Info.plist */,
				5F703C4C1598FECD00EA51DF /* InfoPlist.strings */,
				5F703C4F1598FECD00EA51DF /* main.m */,
				5F703C511598FECD00EA51DF /* roommates-Prefix.pch */,
			);
			name = "Supporting Files";
			sourceTree = "<group>";
		};
		5F9A5EDD15AE84F40053D6B3 /* PullToRefresh */ = {
			isa = PBXGroup;
			children = (
				5F9A5EDE15AE84F50053D6B3 /* arrow.png */,
				5F9A5EDF15AE84F50053D6B3 /* arrow@2x.png */,
				5F9A5EE015AE84F50053D6B3 /* PullToRefreshView.h */,
				5F9A5EE115AE84F50053D6B3 /* PullToRefreshView.m */,
			);
			path = PullToRefresh;
			sourceTree = SOURCE_ROOT;
		};
		5FAD766915A13F01005BBCAC /* ZUUIRevealController */ = {
			isa = PBXGroup;
			children = (
				5FAD766A15A13F01005BBCAC /* ZUUIRevealController-Prefix.pch */,
				5FAD766B15A13F01005BBCAC /* ZUUIRevealController.h */,
				5FAD766C15A13F01005BBCAC /* ZUUIRevealController.m */,
			);
			name = ZUUIRevealController;
			path = ZUUIRevealController/ZUUIRevealController;
			sourceTree = SOURCE_ROOT;
		};
		5FAD767215A144F1005BBCAC /* Menu */ = {
			isa = PBXGroup;
			children = (
				5FAD767715A16321005BBCAC /* MenuViewController.h */,
				5FAD767815A16321005BBCAC /* MenuViewController.m */,
			);
			name = Menu;
			sourceTree = "<group>";
		};
		5FD47598159B51C900F4907C /* Products */ = {
			isa = PBXGroup;
			children = (
				5FD475A3159B51CA00F4907C /* libRestKit.a */,
				5FD475A5159B51CA00F4907C /* RestKitTests.octest */,
				5FD475A7159B51CA00F4907C /* RestKit.framework */,
				5FD475A9159B51CA00F4907C /* RestKitFrameworkTests.octest */,
				5FD475AB159B51CA00F4907C /* RestKitResources.bundle */,
			);
			name = Products;
			sourceTree = "<group>";
		};
		5FD475C1159B5ADA00F4907C /* DataObjects */ = {
			isa = PBXGroup;
			children = (
				5FAD767C15A218F0005BBCAC /* RMData.xcdatamodeld */,
				5F9E5ED015A29C08007D355C /* RMObject.h */,
				5FD475C2159B5B0500F4907C /* RMUser.h */,
				5FD475C3159B5B0500F4907C /* RMUser.m */,
				5FD475C5159B667400F4907C /* RMSession.h */,
				5FD475C6159B667400F4907C /* RMSession.m */,
				5FD809E7159BABCB00621038 /* RMHousehold.h */,
				5FD809E8159BABCB00621038 /* RMHousehold.m */,
				5F0FAA8015ADB75A005408AF /* RMComment.h */,
				5F0FAA8115ADB75A005408AF /* RMComment.m */,
				5FD56C0B159C2B6E00FCAF22 /* RMLogEntry.h */,
				5FD56C0C159C2B6E00FCAF22 /* RMLogEntry.m */,
				5F4540E115A736CE00386BEC /* RMNote.h */,
				5F4540E215A736CE00386BEC /* RMNote.m */,
			);
			name = DataObjects;
			sourceTree = "<group>";
		};
		5FFBCFBE15A68E8100CF161A /* Notes */ = {
			isa = PBXGroup;
			children = (
				5FFBCFBF15A68F1700CF161A /* NoteListViewController.h */,
				5FFBCFC015A68F1700CF161A /* NoteListViewController.m */,
				5F15615B15A907C80065BAA2 /* NoteCell.h */,
				5F15615C15A907C80065BAA2 /* NoteCell.m */,
				5F9A5EDA15AE594E0053D6B3 /* NoteAddViewController.h */,
				5F9A5EDB15AE594E0053D6B3 /* NoteAddViewController.m */,
			);
			name = Notes;
			sourceTree = "<group>";
		};
		5FFBCFC915A6A41500CF161A /* SVProgressHUD */ = {
			isa = PBXGroup;
			children = (
				5FFBCFCA15A6A41500CF161A /* SVProgressHUD.bundle */,
				5FFBCFCB15A6A41500CF161A /* SVProgressHUD.h */,
				5FFBCFCC15A6A41500CF161A /* SVProgressHUD.m */,
			);
			name = SVProgressHUD;
			path = SVProgressHUD/SVProgressHUD;
			sourceTree = SOURCE_ROOT;
		};
/* End PBXGroup section */

/* Begin PBXNativeTarget section */
		5F703C3E1598FECD00EA51DF /* roommates */ = {
			isa = PBXNativeTarget;
			buildConfigurationList = 5F703C5D1598FECD00EA51DF /* Build configuration list for PBXNativeTarget "roommates" */;
			buildPhases = (
				5F703C3B1598FECD00EA51DF /* Sources */,
				5F703C3C1598FECD00EA51DF /* Frameworks */,
				5F703C3D1598FECD00EA51DF /* Resources */,
			);
			buildRules = (
			);
			dependencies = (
				5FD475BF159B54D800F4907C /* PBXTargetDependency */,
			);
			name = roommates;
			productName = roommates;
			productReference = 5F703C3F1598FECD00EA51DF /* roommates.app */;
			productType = "com.apple.product-type.application";
		};
/* End PBXNativeTarget section */

/* Begin PBXProject section */
		5F703C361598FECC00EA51DF /* Project object */ = {
			isa = PBXProject;
			attributes = {
				LastUpgradeCheck = 0430;
				ORGANIZATIONNAME = drewish.com;
			};
			buildConfigurationList = 5F703C391598FECC00EA51DF /* Build configuration list for PBXProject "roommates" */;
			compatibilityVersion = "Xcode 3.2";
			developmentRegion = English;
			hasScannedForEncodings = 0;
			knownRegions = (
				en,
			);
			mainGroup = 5F703C341598FECC00EA51DF;
			productRefGroup = 5F703C401598FECD00EA51DF /* Products */;
			projectDirPath = "";
			projectReferences = (
				{
					ProductGroup = 5FD47598159B51C900F4907C /* Products */;
					ProjectRef = 5FD47597159B51C900F4907C /* RestKit.xcodeproj */;
				},
			);
			projectRoot = "";
			targets = (
				5F703C3E1598FECD00EA51DF /* roommates */,
			);
		};
/* End PBXProject section */

/* Begin PBXReferenceProxy section */
		5FD475A3159B51CA00F4907C /* libRestKit.a */ = {
			isa = PBXReferenceProxy;
			fileType = archive.ar;
			path = libRestKit.a;
			remoteRef = 5FD475A2159B51CA00F4907C /* PBXContainerItemProxy */;
			sourceTree = BUILT_PRODUCTS_DIR;
		};
		5FD475A5159B51CA00F4907C /* RestKitTests.octest */ = {
			isa = PBXReferenceProxy;
			fileType = wrapper.cfbundle;
			path = RestKitTests.octest;
			remoteRef = 5FD475A4159B51CA00F4907C /* PBXContainerItemProxy */;
			sourceTree = BUILT_PRODUCTS_DIR;
		};
		5FD475A7159B51CA00F4907C /* RestKit.framework */ = {
			isa = PBXReferenceProxy;
			fileType = wrapper.framework;
			path = RestKit.framework;
			remoteRef = 5FD475A6159B51CA00F4907C /* PBXContainerItemProxy */;
			sourceTree = BUILT_PRODUCTS_DIR;
		};
		5FD475A9159B51CA00F4907C /* RestKitFrameworkTests.octest */ = {
			isa = PBXReferenceProxy;
			fileType = wrapper.cfbundle;
			path = RestKitFrameworkTests.octest;
			remoteRef = 5FD475A8159B51CA00F4907C /* PBXContainerItemProxy */;
			sourceTree = BUILT_PRODUCTS_DIR;
		};
		5FD475AB159B51CA00F4907C /* RestKitResources.bundle */ = {
			isa = PBXReferenceProxy;
			fileType = wrapper.cfbundle;
			path = RestKitResources.bundle;
			remoteRef = 5FD475AA159B51CA00F4907C /* PBXContainerItemProxy */;
			sourceTree = BUILT_PRODUCTS_DIR;
		};
/* End PBXReferenceProxy section */

/* Begin PBXResourcesBuildPhase section */
		5F703C3D1598FECD00EA51DF /* Resources */ = {
			isa = PBXResourcesBuildPhase;
			buildActionMask = 2147483647;
			files = (
				5F703C4E1598FECD00EA51DF /* InfoPlist.strings in Resources */,
				5F703C571598FECD00EA51DF /* MainStoryboard.storyboard in Resources */,
				5FFBCFCD15A6A41500CF161A /* SVProgressHUD.bundle in Resources */,
				5FFBCFD115A6A9D600CF161A /* default.png in Resources */,
				5FFBCFD215A6A9D600CF161A /* default@2x.png in Resources */,
				5FFBCFD515A6AB4300CF161A /* Icon.png in Resources */,
				5FFBCFDA15A6ACB800CF161A /* Icon@2x.png in Resources */,
				5F0FAA7B15AD4B33005408AF /* README.txt in Resources */,
				5F0FAA7C15AD4B33005408AF /* release_notes.txt in Resources */,
				5F9A5EE315AE84F50053D6B3 /* arrow.png in Resources */,
				5F9A5EE415AE84F50053D6B3 /* arrow@2x.png in Resources */,
			);
			runOnlyForDeploymentPostprocessing = 0;
		};
/* End PBXResourcesBuildPhase section */

/* Begin PBXSourcesBuildPhase section */
		5F703C3B1598FECD00EA51DF /* Sources */ = {
			isa = PBXSourcesBuildPhase;
			buildActionMask = 2147483647;
			files = (
				5F703C501598FECD00EA51DF /* main.m in Sources */,
				5F703C541598FECD00EA51DF /* AppDelegate.m in Sources */,
				5FD475C4159B5B0500F4907C /* RMUser.m in Sources */,
				5FD475C7159B667400F4907C /* RMSession.m in Sources */,
				5FD809E9159BABCB00621038 /* RMHousehold.m in Sources */,
				5FD56C0D159C2B6E00FCAF22 /* RMLogEntry.m in Sources */,
				5F034123159E77D000A81275 /* LogEntryViewController.m in Sources */,
				5F286C2D159E93E400310016 /* LogEntryCell.m in Sources */,
				5FAD766D15A13F01005BBCAC /* ZUUIRevealController.m in Sources */,
				5FAD767915A16321005BBCAC /* MenuViewController.m in Sources */,
				5FAD767E15A218F0005BBCAC /* RMData.xcdatamodeld in Sources */,
				5FFBCFC115A68F1700CF161A /* NoteListViewController.m in Sources */,
				5FFBCFC815A69B4500CF161A /* RMListViewController.m in Sources */,
				5FFBCFCE15A6A41500CF161A /* SVProgressHUD.m in Sources */,
				5F4540E315A736CE00386BEC /* RMNote.m in Sources */,
				5F15615615A8BFB40065BAA2 /* LoginViewController.m in Sources */,
				5F15615D15A907C80065BAA2 /* NoteCell.m in Sources */,
				5F0FAA8215ADB75A005408AF /* RMComment.m in Sources */,
				5F9A5EDC15AE594E0053D6B3 /* NoteAddViewController.m in Sources */,
				5F9A5EE515AE84F50053D6B3 /* PullToRefreshView.m in Sources */,
			);
			runOnlyForDeploymentPostprocessing = 0;
		};
/* End PBXSourcesBuildPhase section */

/* Begin PBXTargetDependency section */
		5FD475BF159B54D800F4907C /* PBXTargetDependency */ = {
			isa = PBXTargetDependency;
			name = RestKit;
			targetProxy = 5FD475BE159B54D800F4907C /* PBXContainerItemProxy */;
		};
/* End PBXTargetDependency section */

/* Begin PBXVariantGroup section */
		5F703C4C1598FECD00EA51DF /* InfoPlist.strings */ = {
			isa = PBXVariantGroup;
			children = (
				5F703C4D1598FECD00EA51DF /* en */,
			);
			name = InfoPlist.strings;
			sourceTree = "<group>";
		};
		5F703C551598FECD00EA51DF /* MainStoryboard.storyboard */ = {
			isa = PBXVariantGroup;
			children = (
				5F703C561598FECD00EA51DF /* en */,
			);
			name = MainStoryboard.storyboard;
			sourceTree = "<group>";
		};
/* End PBXVariantGroup section */

/* Begin XCBuildConfiguration section */
		5F703C5B1598FECD00EA51DF /* Debug */ = {
			isa = XCBuildConfiguration;
			buildSettings = {
				ALWAYS_SEARCH_USER_PATHS = NO;
				ARCHS = "$(ARCHS_STANDARD_32_BIT)";
				CLANG_ENABLE_OBJC_ARC = YES;
				"CODE_SIGN_IDENTITY[sdk=iphoneos*]" = "iPhone Developer";
				COPY_PHASE_STRIP = NO;
				GCC_C_LANGUAGE_STANDARD = gnu99;
				GCC_DYNAMIC_NO_PIC = NO;
				GCC_OPTIMIZATION_LEVEL = 0;
				GCC_PREPROCESSOR_DEFINITIONS = (
					"DEBUG=1",
					"$(inherited)",
				);
				GCC_SYMBOLS_PRIVATE_EXTERN = NO;
				GCC_VERSION = com.apple.compilers.llvm.clang.1_0;
				GCC_WARN_ABOUT_RETURN_TYPE = YES;
				GCC_WARN_UNINITIALIZED_AUTOS = YES;
				GCC_WARN_UNUSED_VARIABLE = YES;
				IPHONEOS_DEPLOYMENT_TARGET = 5.0;
				SDKROOT = iphoneos;
			};
			name = Debug;
		};
		5F703C5C1598FECD00EA51DF /* Release */ = {
			isa = XCBuildConfiguration;
			buildSettings = {
				ALWAYS_SEARCH_USER_PATHS = NO;
				ARCHS = "$(ARCHS_STANDARD_32_BIT)";
				CLANG_ENABLE_OBJC_ARC = YES;
				"CODE_SIGN_IDENTITY[sdk=iphoneos*]" = "iPhone Developer";
				COPY_PHASE_STRIP = YES;
				GCC_C_LANGUAGE_STANDARD = gnu99;
				GCC_VERSION = com.apple.compilers.llvm.clang.1_0;
				GCC_WARN_ABOUT_RETURN_TYPE = YES;
				GCC_WARN_UNINITIALIZED_AUTOS = YES;
				GCC_WARN_UNUSED_VARIABLE = YES;
				IPHONEOS_DEPLOYMENT_TARGET = 5.0;
				OTHER_CFLAGS = "-DNS_BLOCK_ASSERTIONS=1";
				SDKROOT = iphoneos;
				VALIDATE_PRODUCT = YES;
			};
			name = Release;
		};
		5F703C5E1598FECD00EA51DF /* Debug */ = {
			isa = XCBuildConfiguration;
			buildSettings = {
				GCC_PRECOMPILE_PREFIX_HEADER = YES;
				GCC_PREFIX_HEADER = "roommates/roommates-Prefix.pch";
				HEADER_SEARCH_PATHS = "\"$(BUILT_PRODUCTS_DIR)/../../Headers\"";
				INFOPLIST_FILE = "roommates/roommates-Info.plist";
				LIBRARY_SEARCH_PATHS = (
					"$(inherited)",
					"\"$(SRCROOT)/roommates/TestFlight\"",
				);
				OTHER_LDFLAGS = "-ObjC";
				PRODUCT_NAME = "$(TARGET_NAME)";
				WRAPPER_EXTENSION = app;
			};
			name = Debug;
		};
		5F703C5F1598FECD00EA51DF /* Release */ = {
			isa = XCBuildConfiguration;
			buildSettings = {
				GCC_PRECOMPILE_PREFIX_HEADER = YES;
				GCC_PREFIX_HEADER = "roommates/roommates-Prefix.pch";
				HEADER_SEARCH_PATHS = "\"$(BUILT_PRODUCTS_DIR)/../../Headers\"";
				INFOPLIST_FILE = "roommates/roommates-Info.plist";
				LIBRARY_SEARCH_PATHS = (
					"$(inherited)",
					"\"$(SRCROOT)/roommates/TestFlight\"",
				);
				OTHER_LDFLAGS = "-ObjC";
				PRODUCT_NAME = "$(TARGET_NAME)";
				WRAPPER_EXTENSION = app;
			};
			name = Release;
		};
/* End XCBuildConfiguration section */

/* Begin XCConfigurationList section */
		5F703C391598FECC00EA51DF /* Build configuration list for PBXProject "roommates" */ = {
			isa = XCConfigurationList;
			buildConfigurations = (
				5F703C5B1598FECD00EA51DF /* Debug */,
				5F703C5C1598FECD00EA51DF /* Release */,
			);
			defaultConfigurationIsVisible = 0;
			defaultConfigurationName = Release;
		};
		5F703C5D1598FECD00EA51DF /* Build configuration list for PBXNativeTarget "roommates" */ = {
			isa = XCConfigurationList;
			buildConfigurations = (
				5F703C5E1598FECD00EA51DF /* Debug */,
				5F703C5F1598FECD00EA51DF /* Release */,
			);
			defaultConfigurationIsVisible = 0;
			defaultConfigurationName = Release;
		};
/* End XCConfigurationList section */

/* Begin XCVersionGroup section */
		5FAD767C15A218F0005BBCAC /* RMData.xcdatamodeld */ = {
			isa = XCVersionGroup;
			children = (
				5FAD767D15A218F0005BBCAC /* RMData.xcdatamodel */,
			);
			currentVersion = 5FAD767D15A218F0005BBCAC /* RMData.xcdatamodel */;
			path = RMData.xcdatamodeld;
			sourceTree = "<group>";
			versionGroupType = wrapper.xcdatamodel;
		};
/* End XCVersionGroup section */
	};
	rootObject = 5F703C361598FECC00EA51DF /* Project object */;
}
