// !$*UTF8*$!
{
	archiveVersion = 1;
	classes = {
	};
	objectVersion = 46;
	objects = {

/* Begin PBXBuildFile section */
		5F011FC515B7A64300951A67 /* ChecklistItemDetailViewController.m in Sources */ = {isa = PBXBuildFile; fileRef = 5F011FC415B7A64300951A67 /* ChecklistItemDetailViewController.m */; };
		5F011FCF15B7A9F500951A67 /* NSDateTimeAgo.strings in Resources */ = {isa = PBXBuildFile; fileRef = 5F011FC915B7A9F500951A67 /* NSDateTimeAgo.strings */; };
		5F011FD015B7A9F500951A67 /* NSDate+TimeAgo.m in Sources */ = {isa = PBXBuildFile; fileRef = 5F011FCD15B7A9F500951A67 /* NSDate+TimeAgo.m */; };
		5F01200E15B7AD1A00951A67 /* libRestKit.a in Frameworks */ = {isa = PBXBuildFile; fileRef = 5F011FF215B7AA5500951A67 /* libRestKit.a */; };
		5F034123159E77D000A81275 /* LogEntryViewController.m in Sources */ = {isa = PBXBuildFile; fileRef = 5F034122159E77D000A81275 /* LogEntryViewController.m */; };
		5F0CA1EB15B0A83B00C7CFAC /* RootViewController.m in Sources */ = {isa = PBXBuildFile; fileRef = 5F0CA1EA15B0A83B00C7CFAC /* RootViewController.m */; };
		5F0CA1EE15B0B1E000C7CFAC /* ExpensesSummaryViewController.m in Sources */ = {isa = PBXBuildFile; fileRef = 5F0CA1ED15B0B1DF00C7CFAC /* ExpensesSummaryViewController.m */; };
		5F0FAA7A15AD4B33005408AF /* libTestFlight.a in Frameworks */ = {isa = PBXBuildFile; fileRef = 5F0FAA7515AD4B33005408AF /* libTestFlight.a */; };
		5F0FAA7B15AD4B33005408AF /* README.txt in Resources */ = {isa = PBXBuildFile; fileRef = 5F0FAA7615AD4B33005408AF /* README.txt */; };
		5F0FAA7C15AD4B33005408AF /* release_notes.txt in Resources */ = {isa = PBXBuildFile; fileRef = 5F0FAA7715AD4B33005408AF /* release_notes.txt */; };
		5F0FAA7F15AD4B8E005408AF /* libz.dylib in Frameworks */ = {isa = PBXBuildFile; fileRef = 5F0FAA7E15AD4B8E005408AF /* libz.dylib */; };
		5F0FAA8215ADB75A005408AF /* RMComment.m in Sources */ = {isa = PBXBuildFile; fileRef = 5F0FAA8115ADB75A005408AF /* RMComment.m */; };
		5F15615615A8BFB40065BAA2 /* SigninViewController.m in Sources */ = {isa = PBXBuildFile; fileRef = 5F15615515A8BFB40065BAA2 /* SigninViewController.m */; };
		5F15615D15A907C80065BAA2 /* NoteCell.m in Sources */ = {isa = PBXBuildFile; fileRef = 5F15615C15A907C80065BAA2 /* NoteCell.m */; };
		5F1ECD4915AFCBBE00C314A6 /* UserViewController.m in Sources */ = {isa = PBXBuildFile; fileRef = 5F1ECD4815AFCBBE00C314A6 /* UserViewController.m */; };
		5F1ECD5215AFD16500C314A6 /* ReimbursalAddViewController.m in Sources */ = {isa = PBXBuildFile; fileRef = 5F1ECD5115AFD16500C314A6 /* ReimbursalAddViewController.m */; };
		5F286C2D159E93E400310016 /* LogEntryCell.m in Sources */ = {isa = PBXBuildFile; fileRef = 5F286C2C159E93E400310016 /* LogEntryCell.m */; };
		5F3325CC15CC35C000020D20 /* PDKeychainBindings.m in Sources */ = {isa = PBXBuildFile; fileRef = 5F3325C915CC35C000020D20 /* PDKeychainBindings.m */; };
		5F3325CD15CC35C000020D20 /* PDKeychainBindingsController.m in Sources */ = {isa = PBXBuildFile; fileRef = 5F3325CB15CC35C000020D20 /* PDKeychainBindingsController.m */; };
		5F3325D015CC689A00020D20 /* ExpensesSummaryItem.m in Sources */ = {isa = PBXBuildFile; fileRef = 5F3325CF15CC689A00020D20 /* ExpensesSummaryItem.m */; };
		5F3325D315CC6AD900020D20 /* checkmark_off.png in Resources */ = {isa = PBXBuildFile; fileRef = 5F3325D115CC6AD900020D20 /* checkmark_off.png */; };
		5F3325D415CC6AD900020D20 /* checkmark_on.png in Resources */ = {isa = PBXBuildFile; fileRef = 5F3325D215CC6AD900020D20 /* checkmark_on.png */; };
		5F4540E315A736CE00386BEC /* RMNote.m in Sources */ = {isa = PBXBuildFile; fileRef = 5F4540E215A736CE00386BEC /* RMNote.m */; };
		5F51C86015D0211300EAC1EB /* checkmark_off@2x.png in Resources */ = {isa = PBXBuildFile; fileRef = 5F51C85E15D0211300EAC1EB /* checkmark_off@2x.png */; };
		5F51C86115D0211300EAC1EB /* checkmark_on@2x.png in Resources */ = {isa = PBXBuildFile; fileRef = 5F51C85F15D0211300EAC1EB /* checkmark_on@2x.png */; };
		5F56E58715B4F9F40086E161 /* ImageIO.framework in Frameworks */ = {isa = PBXBuildFile; fileRef = 5F56E58615B4F9F40086E161 /* ImageIO.framework */; };
		5F56E58915B4FBC10086E161 /* placeholder.png in Resources */ = {isa = PBXBuildFile; fileRef = 5F56E58815B4FBC10086E161 /* placeholder.png */; };
		5F703C441598FECD00EA51DF /* UIKit.framework in Frameworks */ = {isa = PBXBuildFile; fileRef = 5F703C431598FECD00EA51DF /* UIKit.framework */; };
		5F703C461598FECD00EA51DF /* Foundation.framework in Frameworks */ = {isa = PBXBuildFile; fileRef = 5F703C451598FECD00EA51DF /* Foundation.framework */; };
		5F703C481598FECD00EA51DF /* CoreGraphics.framework in Frameworks */ = {isa = PBXBuildFile; fileRef = 5F703C471598FECD00EA51DF /* CoreGraphics.framework */; };
		5F703C4E1598FECD00EA51DF /* InfoPlist.strings in Resources */ = {isa = PBXBuildFile; fileRef = 5F703C4C1598FECD00EA51DF /* InfoPlist.strings */; };
		5F703C501598FECD00EA51DF /* main.m in Sources */ = {isa = PBXBuildFile; fileRef = 5F703C4F1598FECD00EA51DF /* main.m */; };
		5F703C541598FECD00EA51DF /* AppDelegate.m in Sources */ = {isa = PBXBuildFile; fileRef = 5F703C531598FECD00EA51DF /* AppDelegate.m */; };
		5F703C571598FECD00EA51DF /* MainStoryboard.storyboard in Resources */ = {isa = PBXBuildFile; fileRef = 5F703C551598FECD00EA51DF /* MainStoryboard.storyboard */; };
		5F70D2D815B3B9E1009D6CB6 /* RMChecklistItem.m in Sources */ = {isa = PBXBuildFile; fileRef = 5F70D2D715B3B9E1009D6CB6 /* RMChecklistItem.m */; };
		5F70D2DA15B3B9FD009D6CB6 /* Icon@2x.png in Resources */ = {isa = PBXBuildFile; fileRef = 5F70D2D915B3B9FD009D6CB6 /* Icon@2x.png */; };
		5F70D2DC15B3C05A009D6CB6 /* purty_wood.png in Resources */ = {isa = PBXBuildFile; fileRef = 5F70D2DB15B3C05A009D6CB6 /* purty_wood.png */; };
		5F7BE28D15C9B16300616576 /* NoteAddViewController.m in Sources */ = {isa = PBXBuildFile; fileRef = 5F7BE28C15C9B16300616576 /* NoteAddViewController.m */; };
		5F9A252215BCBCA2004382C4 /* RMTransaction.m in Sources */ = {isa = PBXBuildFile; fileRef = 5F9A252115BCBCA1004382C4 /* RMTransaction.m */; };
		5F9A252515BCBCBA004382C4 /* RMExpense.m in Sources */ = {isa = PBXBuildFile; fileRef = 5F9A252415BCBCBA004382C4 /* RMExpense.m */; };
		5F9A252815BCBCC6004382C4 /* RMReimbursal.m in Sources */ = {isa = PBXBuildFile; fileRef = 5F9A252715BCBCC5004382C4 /* RMReimbursal.m */; };
		5F9A5EE315AE84F50053D6B3 /* arrow.png in Resources */ = {isa = PBXBuildFile; fileRef = 5F9A5EDE15AE84F50053D6B3 /* arrow.png */; };
		5F9A5EE415AE84F50053D6B3 /* arrow@2x.png in Resources */ = {isa = PBXBuildFile; fileRef = 5F9A5EDF15AE84F50053D6B3 /* arrow@2x.png */; };
		5F9A5EE515AE84F50053D6B3 /* PullToRefreshView.m in Sources */ = {isa = PBXBuildFile; fileRef = 5F9A5EE115AE84F50053D6B3 /* PullToRefreshView.m */; };
		5FAD3D9015C42D4C002E0F86 /* logo.png in Resources */ = {isa = PBXBuildFile; fileRef = 5FAD3D8C15C42D4C002E0F86 /* logo.png */; };
		5FAD3D9115C42D4C002E0F86 /* logo@2x.png in Resources */ = {isa = PBXBuildFile; fileRef = 5FAD3D8D15C42D4C002E0F86 /* logo@2x.png */; };
		5FAD3D9215C42D4C002E0F86 /* background@2x.png in Resources */ = {isa = PBXBuildFile; fileRef = 5FAD3D8E15C42D4C002E0F86 /* background@2x.png */; };
		5FAD3D9315C42D4C002E0F86 /* background.png in Resources */ = {isa = PBXBuildFile; fileRef = 5FAD3D8F15C42D4C002E0F86 /* background.png */; };
		5FAD766D15A13F01005BBCAC /* ZUUIRevealController.m in Sources */ = {isa = PBXBuildFile; fileRef = 5FAD766C15A13F01005BBCAC /* ZUUIRevealController.m */; };
		5FAD767915A16321005BBCAC /* MenuViewController.m in Sources */ = {isa = PBXBuildFile; fileRef = 5FAD767815A16321005BBCAC /* MenuViewController.m */; };
		5FAD767E15A218F0005BBCAC /* RMData.xcdatamodeld in Sources */ = {isa = PBXBuildFile; fileRef = 5FAD767C15A218F0005BBCAC /* RMData.xcdatamodeld */; };
		5FBCC83A15B5BC210031CBB1 /* reveal.png in Resources */ = {isa = PBXBuildFile; fileRef = 5FBCC83915B5BC210031CBB1 /* reveal.png */; };
		5FD475B2159B536C00F4907C /* CFNetwork.framework in Frameworks */ = {isa = PBXBuildFile; fileRef = 5FD475B0159B536C00F4907C /* CFNetwork.framework */; };
		5FD475B3159B536C00F4907C /* CoreData.framework in Frameworks */ = {isa = PBXBuildFile; fileRef = 5FD475B1159B536C00F4907C /* CoreData.framework */; };
		5FD475B5159B537C00F4907C /* Security.framework in Frameworks */ = {isa = PBXBuildFile; fileRef = 5FD475B4159B537C00F4907C /* Security.framework */; };
		5FD475B7159B539400F4907C /* QuartzCore.framework in Frameworks */ = {isa = PBXBuildFile; fileRef = 5FD475B6159B539400F4907C /* QuartzCore.framework */; };
		5FD475B9159B539E00F4907C /* libxml2.dylib in Frameworks */ = {isa = PBXBuildFile; fileRef = 5FD475B8159B539E00F4907C /* libxml2.dylib */; };
		5FD475BB159B53A800F4907C /* SystemConfiguration.framework in Frameworks */ = {isa = PBXBuildFile; fileRef = 5FD475BA159B53A800F4907C /* SystemConfiguration.framework */; };
		5FD475BD159B53C200F4907C /* MobileCoreServices.framework in Frameworks */ = {isa = PBXBuildFile; fileRef = 5FD475BC159B53C200F4907C /* MobileCoreServices.framework */; };
		5FD475C4159B5B0500F4907C /* RMUser.m in Sources */ = {isa = PBXBuildFile; fileRef = 5FD475C3159B5B0500F4907C /* RMUser.m */; };
		5FD475C7159B667400F4907C /* RMSession.m in Sources */ = {isa = PBXBuildFile; fileRef = 5FD475C6159B667400F4907C /* RMSession.m */; };
		5FD56C0D159C2B6E00FCAF22 /* RMLogEntry.m in Sources */ = {isa = PBXBuildFile; fileRef = 5FD56C0C159C2B6E00FCAF22 /* RMLogEntry.m */; };
		5FD809E9159BABCB00621038 /* RMHousehold.m in Sources */ = {isa = PBXBuildFile; fileRef = 5FD809E8159BABCB00621038 /* RMHousehold.m */; };
		5FDA65EB15B9B66400DEAE3A /* libSDWebImageARC.a in Frameworks */ = {isa = PBXBuildFile; fileRef = 5F01200615B7AA5D00951A67 /* libSDWebImageARC.a */; };
		5FDD54EA15BDEC1A00C4A78D /* ExpenseAddViewController.m in Sources */ = {isa = PBXBuildFile; fileRef = 5FDD54E915BDEC1A00C4A78D /* ExpenseAddViewController.m */; };
		5FE460E715D9515A00DBE424 /* CommentAddViewController.m in Sources */ = {isa = PBXBuildFile; fileRef = 5FE460E615D9515A00DBE424 /* CommentAddViewController.m */; };
		5FE460F015D98E2D00DBE424 /* NSObject+MKBlockAdditions.m in Sources */ = {isa = PBXBuildFile; fileRef = 5FE460EB15D98E2D00DBE424 /* NSObject+MKBlockAdditions.m */; };
		5FE460F115D98E2D00DBE424 /* UIActionSheet+MKBlockAdditions.m in Sources */ = {isa = PBXBuildFile; fileRef = 5FE460ED15D98E2D00DBE424 /* UIActionSheet+MKBlockAdditions.m */; };
		5FE460F215D98E2D00DBE424 /* UIAlertView+MKBlockAdditions.m in Sources */ = {isa = PBXBuildFile; fileRef = 5FE460EF15D98E2D00DBE424 /* UIAlertView+MKBlockAdditions.m */; };
		5FF1C1EE15B5EA8100077016 /* reveal@2x.png in Resources */ = {isa = PBXBuildFile; fileRef = 5FF1C1ED15B5EA8100077016 /* reveal@2x.png */; };
		5FF1C1FA15B6371400077016 /* ChecklistItemListViewController.m in Sources */ = {isa = PBXBuildFile; fileRef = 5FF1C1F915B6371400077016 /* ChecklistItemListViewController.m */; };
		5FFBCFC115A68F1700CF161A /* NoteListViewController.m in Sources */ = {isa = PBXBuildFile; fileRef = 5FFBCFC015A68F1700CF161A /* NoteListViewController.m */; };
		5FFBCFC815A69B4500CF161A /* RMListViewController.m in Sources */ = {isa = PBXBuildFile; fileRef = 5FFBCFC715A69B4500CF161A /* RMListViewController.m */; };
		5FFBCFCD15A6A41500CF161A /* SVProgressHUD.bundle in Resources */ = {isa = PBXBuildFile; fileRef = 5FFBCFCA15A6A41500CF161A /* SVProgressHUD.bundle */; };
		5FFBCFCE15A6A41500CF161A /* SVProgressHUD.m in Sources */ = {isa = PBXBuildFile; fileRef = 5FFBCFCC15A6A41500CF161A /* SVProgressHUD.m */; };
		5FFBCFD115A6A9D600CF161A /* default.png in Resources */ = {isa = PBXBuildFile; fileRef = 5FFBCFCF15A6A9D600CF161A /* default.png */; };
		5FFBCFD215A6A9D600CF161A /* default@2x.png in Resources */ = {isa = PBXBuildFile; fileRef = 5FFBCFD015A6A9D600CF161A /* default@2x.png */; };
		5FFBCFD515A6AB4300CF161A /* Icon.png in Resources */ = {isa = PBXBuildFile; fileRef = 5FFBCFD315A6AB4200CF161A /* Icon.png */; };
/* End PBXBuildFile section */

/* Begin PBXContainerItemProxy section */
		5F011FF115B7AA5500951A67 /* PBXContainerItemProxy */ = {
			isa = PBXContainerItemProxy;
			containerPortal = 5FD47597159B51C900F4907C /* RestKit.xcodeproj */;
			proxyType = 2;
			remoteGlobalIDString = 25160D1614564E810060A5C5;
			remoteInfo = RestKit;
		};
		5F011FF315B7AA5500951A67 /* PBXContainerItemProxy */ = {
			isa = PBXContainerItemProxy;
			containerPortal = 5FD47597159B51C900F4907C /* RestKit.xcodeproj */;
			proxyType = 2;
			remoteGlobalIDString = 25160D2614564E820060A5C5;
			remoteInfo = RestKitTests;
		};
		5F011FF515B7AA5500951A67 /* PBXContainerItemProxy */ = {
			isa = PBXContainerItemProxy;
			containerPortal = 5FD47597159B51C900F4907C /* RestKit.xcodeproj */;
			proxyType = 2;
			remoteGlobalIDString = 25160E62145651060060A5C5;
			remoteInfo = RestKitFramework;
		};
		5F011FF715B7AA5500951A67 /* PBXContainerItemProxy */ = {
			isa = PBXContainerItemProxy;
			containerPortal = 5FD47597159B51C900F4907C /* RestKit.xcodeproj */;
			proxyType = 2;
			remoteGlobalIDString = 25160E78145651060060A5C5;
			remoteInfo = RestKitFrameworkTests;
		};
		5F011FF915B7AA5500951A67 /* PBXContainerItemProxy */ = {
			isa = PBXContainerItemProxy;
			containerPortal = 5FD47597159B51C900F4907C /* RestKit.xcodeproj */;
			proxyType = 2;
			remoteGlobalIDString = 259C301615128079003066A2;
			remoteInfo = RestKitResources;
		};
		5F01200315B7AA5D00951A67 /* PBXContainerItemProxy */ = {
			isa = PBXContainerItemProxy;
			containerPortal = 5F56E57415B4F93C0086E161 /* SDWebImage.xcodeproj */;
			proxyType = 2;
			remoteGlobalIDString = 53922D6F148C55820056699D;
			remoteInfo = SDWebImage;
		};
		5F01200515B7AA5D00951A67 /* PBXContainerItemProxy */ = {
			isa = PBXContainerItemProxy;
			containerPortal = 5F56E57415B4F93C0086E161 /* SDWebImage.xcodeproj */;
			proxyType = 2;
			remoteGlobalIDString = 53761325155AD0D5005750A4;
			remoteInfo = "SDWebImage ARC";
		};
		5F01200715B7AA5D00951A67 /* PBXContainerItemProxy */ = {
			isa = PBXContainerItemProxy;
			containerPortal = 5F56E57415B4F93C0086E161 /* SDWebImage.xcodeproj */;
			proxyType = 2;
			remoteGlobalIDString = 531041E0157EAFA400BBABC3;
			remoteInfo = "SDWebImage ARC+MKAnnotation";
		};
		5F01200A15B7AC8200951A67 /* PBXContainerItemProxy */ = {
			isa = PBXContainerItemProxy;
			containerPortal = 5FD47597159B51C900F4907C /* RestKit.xcodeproj */;
			proxyType = 1;
			remoteGlobalIDString = 25160D1514564E810060A5C5;
			remoteInfo = RestKit;
		};
		5F01200C15B7AC8200951A67 /* PBXContainerItemProxy */ = {
			isa = PBXContainerItemProxy;
			containerPortal = 5F56E57415B4F93C0086E161 /* SDWebImage.xcodeproj */;
			proxyType = 1;
			remoteGlobalIDString = 53761307155AD0D5005750A4;
			remoteInfo = "SDWebImage ARC";
		};
/* End PBXContainerItemProxy section */

/* Begin PBXFileReference section */
		5F011FC315B7A64300951A67 /* ChecklistItemDetailViewController.h */ = {isa = PBXFileReference; fileEncoding = 4; lastKnownFileType = sourcecode.c.h; path = ChecklistItemDetailViewController.h; sourceTree = "<group>"; };
		5F011FC415B7A64300951A67 /* ChecklistItemDetailViewController.m */ = {isa = PBXFileReference; fileEncoding = 4; lastKnownFileType = sourcecode.c.objc; path = ChecklistItemDetailViewController.m; sourceTree = "<group>"; };
		5F011FCA15B7A9F500951A67 /* en */ = {isa = PBXFileReference; lastKnownFileType = text.plist.strings; name = en; path = en.lproj/NSDateTimeAgo.strings; sourceTree = "<group>"; };
		5F011FCB15B7A9F500951A67 /* es */ = {isa = PBXFileReference; lastKnownFileType = text.plist.strings; name = es; path = es.lproj/NSDateTimeAgo.strings; sourceTree = "<group>"; };
		5F011FCC15B7A9F500951A67 /* NSDate+TimeAgo.h */ = {isa = PBXFileReference; fileEncoding = 4; lastKnownFileType = sourcecode.c.h; path = "NSDate+TimeAgo.h"; sourceTree = "<group>"; };
		5F011FCD15B7A9F500951A67 /* NSDate+TimeAgo.m */ = {isa = PBXFileReference; fileEncoding = 4; lastKnownFileType = sourcecode.c.objc; path = "NSDate+TimeAgo.m"; sourceTree = "<group>"; };
		5F034121159E77D000A81275 /* LogEntryViewController.h */ = {isa = PBXFileReference; fileEncoding = 4; lastKnownFileType = sourcecode.c.h; path = LogEntryViewController.h; sourceTree = "<group>"; };
		5F034122159E77D000A81275 /* LogEntryViewController.m */ = {isa = PBXFileReference; fileEncoding = 4; lastKnownFileType = sourcecode.c.objc; path = LogEntryViewController.m; sourceTree = "<group>"; };
		5F0CA1E915B0A83B00C7CFAC /* RootViewController.h */ = {isa = PBXFileReference; fileEncoding = 4; lastKnownFileType = sourcecode.c.h; path = RootViewController.h; sourceTree = "<group>"; };
		5F0CA1EA15B0A83B00C7CFAC /* RootViewController.m */ = {isa = PBXFileReference; fileEncoding = 4; lastKnownFileType = sourcecode.c.objc; path = RootViewController.m; sourceTree = "<group>"; };
		5F0CA1EC15B0B1DF00C7CFAC /* ExpensesSummaryViewController.h */ = {isa = PBXFileReference; fileEncoding = 4; lastKnownFileType = sourcecode.c.h; path = ExpensesSummaryViewController.h; sourceTree = "<group>"; };
		5F0CA1ED15B0B1DF00C7CFAC /* ExpensesSummaryViewController.m */ = {isa = PBXFileReference; fileEncoding = 4; lastKnownFileType = sourcecode.c.objc; path = ExpensesSummaryViewController.m; sourceTree = "<group>"; };
		5F0FAA7515AD4B33005408AF /* libTestFlight.a */ = {isa = PBXFileReference; lastKnownFileType = archive.ar; path = libTestFlight.a; sourceTree = "<group>"; };
		5F0FAA7615AD4B33005408AF /* README.txt */ = {isa = PBXFileReference; fileEncoding = 4; lastKnownFileType = text; path = README.txt; sourceTree = "<group>"; };
		5F0FAA7715AD4B33005408AF /* release_notes.txt */ = {isa = PBXFileReference; fileEncoding = 4; lastKnownFileType = text; path = release_notes.txt; sourceTree = "<group>"; };
		5F0FAA7815AD4B33005408AF /* TestFlight.h */ = {isa = PBXFileReference; fileEncoding = 4; lastKnownFileType = sourcecode.c.h; path = TestFlight.h; sourceTree = "<group>"; };
		5F0FAA7E15AD4B8E005408AF /* libz.dylib */ = {isa = PBXFileReference; lastKnownFileType = "compiled.mach-o.dylib"; name = libz.dylib; path = usr/lib/libz.dylib; sourceTree = SDKROOT; };
		5F0FAA8015ADB75A005408AF /* RMComment.h */ = {isa = PBXFileReference; fileEncoding = 4; lastKnownFileType = sourcecode.c.h; path = RMComment.h; sourceTree = "<group>"; };
		5F0FAA8115ADB75A005408AF /* RMComment.m */ = {isa = PBXFileReference; fileEncoding = 4; lastKnownFileType = sourcecode.c.objc; path = RMComment.m; sourceTree = "<group>"; };
		5F15615415A8BFB40065BAA2 /* SigninViewController.h */ = {isa = PBXFileReference; fileEncoding = 4; lastKnownFileType = sourcecode.c.h; path = SigninViewController.h; sourceTree = "<group>"; };
		5F15615515A8BFB40065BAA2 /* SigninViewController.m */ = {isa = PBXFileReference; fileEncoding = 4; lastKnownFileType = sourcecode.c.objc; path = SigninViewController.m; sourceTree = "<group>"; };
		5F15615B15A907C80065BAA2 /* NoteCell.h */ = {isa = PBXFileReference; fileEncoding = 4; lastKnownFileType = sourcecode.c.h; path = NoteCell.h; sourceTree = "<group>"; };
		5F15615C15A907C80065BAA2 /* NoteCell.m */ = {isa = PBXFileReference; fileEncoding = 4; lastKnownFileType = sourcecode.c.objc; path = NoteCell.m; sourceTree = "<group>"; };
		5F1ECD4715AFCBBE00C314A6 /* UserViewController.h */ = {isa = PBXFileReference; fileEncoding = 4; lastKnownFileType = sourcecode.c.h; path = UserViewController.h; sourceTree = "<group>"; };
		5F1ECD4815AFCBBE00C314A6 /* UserViewController.m */ = {isa = PBXFileReference; fileEncoding = 4; lastKnownFileType = sourcecode.c.objc; path = UserViewController.m; sourceTree = "<group>"; };
		5F1ECD5015AFD16500C314A6 /* ReimbursalAddViewController.h */ = {isa = PBXFileReference; fileEncoding = 4; lastKnownFileType = sourcecode.c.h; path = ReimbursalAddViewController.h; sourceTree = "<group>"; };
		5F1ECD5115AFD16500C314A6 /* ReimbursalAddViewController.m */ = {isa = PBXFileReference; fileEncoding = 4; lastKnownFileType = sourcecode.c.objc; path = ReimbursalAddViewController.m; sourceTree = "<group>"; };
		5F1ECD5315AFD8AC00C314A6 /* RMData.h */ = {isa = PBXFileReference; lastKnownFileType = sourcecode.c.h; path = RMData.h; sourceTree = "<group>"; };
		5F286C2B159E93E400310016 /* LogEntryCell.h */ = {isa = PBXFileReference; fileEncoding = 4; lastKnownFileType = sourcecode.c.h; path = LogEntryCell.h; sourceTree = "<group>"; };
		5F286C2C159E93E400310016 /* LogEntryCell.m */ = {isa = PBXFileReference; fileEncoding = 4; lastKnownFileType = sourcecode.c.objc; path = LogEntryCell.m; sourceTree = "<group>"; };
		5F3325C815CC35C000020D20 /* PDKeychainBindings.h */ = {isa = PBXFileReference; fileEncoding = 4; lastKnownFileType = sourcecode.c.h; path = PDKeychainBindings.h; sourceTree = "<group>"; };
		5F3325C915CC35C000020D20 /* PDKeychainBindings.m */ = {isa = PBXFileReference; fileEncoding = 4; lastKnownFileType = sourcecode.c.objc; path = PDKeychainBindings.m; sourceTree = "<group>"; };
		5F3325CA15CC35C000020D20 /* PDKeychainBindingsController.h */ = {isa = PBXFileReference; fileEncoding = 4; lastKnownFileType = sourcecode.c.h; path = PDKeychainBindingsController.h; sourceTree = "<group>"; };
		5F3325CB15CC35C000020D20 /* PDKeychainBindingsController.m */ = {isa = PBXFileReference; fileEncoding = 4; lastKnownFileType = sourcecode.c.objc; path = PDKeychainBindingsController.m; sourceTree = "<group>"; };
		5F3325CE15CC689A00020D20 /* ExpensesSummaryItem.h */ = {isa = PBXFileReference; fileEncoding = 4; lastKnownFileType = sourcecode.c.h; path = ExpensesSummaryItem.h; sourceTree = "<group>"; };
		5F3325CF15CC689A00020D20 /* ExpensesSummaryItem.m */ = {isa = PBXFileReference; fileEncoding = 4; lastKnownFileType = sourcecode.c.objc; path = ExpensesSummaryItem.m; sourceTree = "<group>"; };
		5F3325D115CC6AD900020D20 /* checkmark_off.png */ = {isa = PBXFileReference; lastKnownFileType = image.png; name = checkmark_off.png; path = Resources/checkmark_off.png; sourceTree = "<group>"; };
		5F3325D215CC6AD900020D20 /* checkmark_on.png */ = {isa = PBXFileReference; lastKnownFileType = image.png; name = checkmark_on.png; path = Resources/checkmark_on.png; sourceTree = "<group>"; };
		5F4540E115A736CE00386BEC /* RMNote.h */ = {isa = PBXFileReference; fileEncoding = 4; lastKnownFileType = sourcecode.c.h; path = RMNote.h; sourceTree = "<group>"; };
		5F4540E215A736CE00386BEC /* RMNote.m */ = {isa = PBXFileReference; fileEncoding = 4; lastKnownFileType = sourcecode.c.objc; path = RMNote.m; sourceTree = "<group>"; };
		5F51C85E15D0211300EAC1EB /* checkmark_off@2x.png */ = {isa = PBXFileReference; lastKnownFileType = image.png; name = "checkmark_off@2x.png"; path = "Resources/checkmark_off@2x.png"; sourceTree = "<group>"; };
		5F51C85F15D0211300EAC1EB /* checkmark_on@2x.png */ = {isa = PBXFileReference; lastKnownFileType = image.png; name = "checkmark_on@2x.png"; path = "Resources/checkmark_on@2x.png"; sourceTree = "<group>"; };
		5F56E57415B4F93C0086E161 /* SDWebImage.xcodeproj */ = {isa = PBXFileReference; lastKnownFileType = "wrapper.pb-project"; name = SDWebImage.xcodeproj; path = ../SDWebImage/SDWebImage.xcodeproj; sourceTree = "<group>"; };
		5F56E58615B4F9F40086E161 /* ImageIO.framework */ = {isa = PBXFileReference; lastKnownFileType = wrapper.framework; name = ImageIO.framework; path = System/Library/Frameworks/ImageIO.framework; sourceTree = SDKROOT; };
		5F56E58815B4FBC10086E161 /* placeholder.png */ = {isa = PBXFileReference; lastKnownFileType = image.png; name = placeholder.png; path = Resources/placeholder.png; sourceTree = "<group>"; };
		5F703C3F1598FECD00EA51DF /* roommates.app */ = {isa = PBXFileReference; explicitFileType = wrapper.application; includeInIndex = 0; path = roommates.app; sourceTree = BUILT_PRODUCTS_DIR; };
		5F703C431598FECD00EA51DF /* UIKit.framework */ = {isa = PBXFileReference; lastKnownFileType = wrapper.framework; name = UIKit.framework; path = System/Library/Frameworks/UIKit.framework; sourceTree = SDKROOT; };
		5F703C451598FECD00EA51DF /* Foundation.framework */ = {isa = PBXFileReference; lastKnownFileType = wrapper.framework; name = Foundation.framework; path = System/Library/Frameworks/Foundation.framework; sourceTree = SDKROOT; };
		5F703C471598FECD00EA51DF /* CoreGraphics.framework */ = {isa = PBXFileReference; lastKnownFileType = wrapper.framework; name = CoreGraphics.framework; path = System/Library/Frameworks/CoreGraphics.framework; sourceTree = SDKROOT; };
		5F703C4B1598FECD00EA51DF /* roommates-Info.plist */ = {isa = PBXFileReference; lastKnownFileType = text.plist.xml; path = "roommates-Info.plist"; sourceTree = "<group>"; };
		5F703C4D1598FECD00EA51DF /* en */ = {isa = PBXFileReference; lastKnownFileType = text.plist.strings; name = en; path = en.lproj/InfoPlist.strings; sourceTree = "<group>"; };
		5F703C4F1598FECD00EA51DF /* main.m */ = {isa = PBXFileReference; lastKnownFileType = sourcecode.c.objc; path = main.m; sourceTree = "<group>"; };
		5F703C511598FECD00EA51DF /* roommates-Prefix.pch */ = {isa = PBXFileReference; lastKnownFileType = sourcecode.c.h; path = "roommates-Prefix.pch"; sourceTree = "<group>"; };
		5F703C521598FECD00EA51DF /* AppDelegate.h */ = {isa = PBXFileReference; lastKnownFileType = sourcecode.c.h; path = AppDelegate.h; sourceTree = "<group>"; };
		5F703C531598FECD00EA51DF /* AppDelegate.m */ = {isa = PBXFileReference; lastKnownFileType = sourcecode.c.objc; path = AppDelegate.m; sourceTree = "<group>"; };
		5F703C561598FECD00EA51DF /* en */ = {isa = PBXFileReference; lastKnownFileType = file.storyboard; name = en; path = en.lproj/MainStoryboard.storyboard; sourceTree = "<group>"; };
		5F70D2D615B3B9E0009D6CB6 /* RMChecklistItem.h */ = {isa = PBXFileReference; fileEncoding = 4; lastKnownFileType = sourcecode.c.h; path = RMChecklistItem.h; sourceTree = "<group>"; };
		5F70D2D715B3B9E1009D6CB6 /* RMChecklistItem.m */ = {isa = PBXFileReference; fileEncoding = 4; lastKnownFileType = sourcecode.c.objc; path = RMChecklistItem.m; sourceTree = "<group>"; };
		5F70D2D915B3B9FD009D6CB6 /* Icon@2x.png */ = {isa = PBXFileReference; lastKnownFileType = image.png; path = "Icon@2x.png"; sourceTree = "<group>"; };
		5F70D2DB15B3C05A009D6CB6 /* purty_wood.png */ = {isa = PBXFileReference; lastKnownFileType = image.png; name = purty_wood.png; path = Resources/purty_wood.png; sourceTree = "<group>"; };
		5F7BE28B15C9B16300616576 /* NoteAddViewController.h */ = {isa = PBXFileReference; fileEncoding = 4; lastKnownFileType = sourcecode.c.h; path = NoteAddViewController.h; sourceTree = "<group>"; };
		5F7BE28C15C9B16300616576 /* NoteAddViewController.m */ = {isa = PBXFileReference; fileEncoding = 4; lastKnownFileType = sourcecode.c.objc; path = NoteAddViewController.m; sourceTree = "<group>"; };
		5F9A252015BCBCA1004382C4 /* RMTransaction.h */ = {isa = PBXFileReference; fileEncoding = 4; lastKnownFileType = sourcecode.c.h; path = RMTransaction.h; sourceTree = "<group>"; };
		5F9A252115BCBCA1004382C4 /* RMTransaction.m */ = {isa = PBXFileReference; fileEncoding = 4; lastKnownFileType = sourcecode.c.objc; path = RMTransaction.m; sourceTree = "<group>"; };
		5F9A252315BCBCBA004382C4 /* RMExpense.h */ = {isa = PBXFileReference; fileEncoding = 4; lastKnownFileType = sourcecode.c.h; path = RMExpense.h; sourceTree = "<group>"; };
		5F9A252415BCBCBA004382C4 /* RMExpense.m */ = {isa = PBXFileReference; fileEncoding = 4; lastKnownFileType = sourcecode.c.objc; path = RMExpense.m; sourceTree = "<group>"; };
		5F9A252615BCBCC5004382C4 /* RMReimbursal.h */ = {isa = PBXFileReference; fileEncoding = 4; lastKnownFileType = sourcecode.c.h; path = RMReimbursal.h; sourceTree = "<group>"; };
		5F9A252715BCBCC5004382C4 /* RMReimbursal.m */ = {isa = PBXFileReference; fileEncoding = 4; lastKnownFileType = sourcecode.c.objc; path = RMReimbursal.m; sourceTree = "<group>"; };
		5F9A5EDE15AE84F50053D6B3 /* arrow.png */ = {isa = PBXFileReference; lastKnownFileType = image.png; path = arrow.png; sourceTree = "<group>"; };
		5F9A5EDF15AE84F50053D6B3 /* arrow@2x.png */ = {isa = PBXFileReference; lastKnownFileType = image.png; path = "arrow@2x.png"; sourceTree = "<group>"; };
		5F9A5EE015AE84F50053D6B3 /* PullToRefreshView.h */ = {isa = PBXFileReference; fileEncoding = 4; lastKnownFileType = sourcecode.c.h; path = PullToRefreshView.h; sourceTree = "<group>"; };
		5F9A5EE115AE84F50053D6B3 /* PullToRefreshView.m */ = {isa = PBXFileReference; fileEncoding = 4; lastKnownFileType = sourcecode.c.objc; path = PullToRefreshView.m; sourceTree = "<group>"; };
		5F9E5ED015A29C08007D355C /* RMObject.h */ = {isa = PBXFileReference; lastKnownFileType = sourcecode.c.h; path = RMObject.h; sourceTree = "<group>"; };
		5FAD3D8C15C42D4C002E0F86 /* logo.png */ = {isa = PBXFileReference; lastKnownFileType = image.png; name = logo.png; path = Resources/logo.png; sourceTree = "<group>"; };
		5FAD3D8D15C42D4C002E0F86 /* logo@2x.png */ = {isa = PBXFileReference; lastKnownFileType = image.png; name = "logo@2x.png"; path = "Resources/logo@2x.png"; sourceTree = "<group>"; };
		5FAD3D8E15C42D4C002E0F86 /* background@2x.png */ = {isa = PBXFileReference; lastKnownFileType = image.png; name = "background@2x.png"; path = "Resources/background@2x.png"; sourceTree = "<group>"; };
		5FAD3D8F15C42D4C002E0F86 /* background.png */ = {isa = PBXFileReference; lastKnownFileType = image.png; name = background.png; path = Resources/background.png; sourceTree = "<group>"; };
		5FAD766A15A13F01005BBCAC /* ZUUIRevealController-Prefix.pch */ = {isa = PBXFileReference; fileEncoding = 4; lastKnownFileType = sourcecode.c.h; path = "ZUUIRevealController-Prefix.pch"; sourceTree = "<group>"; };
		5FAD766B15A13F01005BBCAC /* ZUUIRevealController.h */ = {isa = PBXFileReference; fileEncoding = 4; lastKnownFileType = sourcecode.c.h; path = ZUUIRevealController.h; sourceTree = "<group>"; };
		5FAD766C15A13F01005BBCAC /* ZUUIRevealController.m */ = {isa = PBXFileReference; fileEncoding = 4; lastKnownFileType = sourcecode.c.objc; path = ZUUIRevealController.m; sourceTree = "<group>"; };
		5FAD767715A16321005BBCAC /* MenuViewController.h */ = {isa = PBXFileReference; fileEncoding = 4; lastKnownFileType = sourcecode.c.h; path = MenuViewController.h; sourceTree = "<group>"; };
		5FAD767815A16321005BBCAC /* MenuViewController.m */ = {isa = PBXFileReference; fileEncoding = 4; lastKnownFileType = sourcecode.c.objc; path = MenuViewController.m; sourceTree = "<group>"; };
		5FAD767D15A218F0005BBCAC /* RMData.xcdatamodel */ = {isa = PBXFileReference; lastKnownFileType = wrapper.xcdatamodel; path = RMData.xcdatamodel; sourceTree = "<group>"; };
		5FBCC83915B5BC210031CBB1 /* reveal.png */ = {isa = PBXFileReference; lastKnownFileType = image.png; name = reveal.png; path = Resources/reveal.png; sourceTree = "<group>"; };
		5FD47597159B51C900F4907C /* RestKit.xcodeproj */ = {isa = PBXFileReference; lastKnownFileType = "wrapper.pb-project"; name = RestKit.xcodeproj; path = ../RestKit/RestKit.xcodeproj; sourceTree = "<group>"; };
		5FD475B0159B536C00F4907C /* CFNetwork.framework */ = {isa = PBXFileReference; lastKnownFileType = wrapper.framework; name = CFNetwork.framework; path = System/Library/Frameworks/CFNetwork.framework; sourceTree = SDKROOT; };
		5FD475B1159B536C00F4907C /* CoreData.framework */ = {isa = PBXFileReference; lastKnownFileType = wrapper.framework; name = CoreData.framework; path = System/Library/Frameworks/CoreData.framework; sourceTree = SDKROOT; };
		5FD475B4159B537C00F4907C /* Security.framework */ = {isa = PBXFileReference; lastKnownFileType = wrapper.framework; name = Security.framework; path = System/Library/Frameworks/Security.framework; sourceTree = SDKROOT; };
		5FD475B6159B539400F4907C /* QuartzCore.framework */ = {isa = PBXFileReference; lastKnownFileType = wrapper.framework; name = QuartzCore.framework; path = System/Library/Frameworks/QuartzCore.framework; sourceTree = SDKROOT; };
		5FD475B8159B539E00F4907C /* libxml2.dylib */ = {isa = PBXFileReference; lastKnownFileType = "compiled.mach-o.dylib"; name = libxml2.dylib; path = usr/lib/libxml2.dylib; sourceTree = SDKROOT; };
		5FD475BA159B53A800F4907C /* SystemConfiguration.framework */ = {isa = PBXFileReference; lastKnownFileType = wrapper.framework; name = SystemConfiguration.framework; path = System/Library/Frameworks/SystemConfiguration.framework; sourceTree = SDKROOT; };
		5FD475BC159B53C200F4907C /* MobileCoreServices.framework */ = {isa = PBXFileReference; lastKnownFileType = wrapper.framework; name = MobileCoreServices.framework; path = System/Library/Frameworks/MobileCoreServices.framework; sourceTree = SDKROOT; };
		5FD475C2159B5B0500F4907C /* RMUser.h */ = {isa = PBXFileReference; fileEncoding = 4; lastKnownFileType = sourcecode.c.h; path = RMUser.h; sourceTree = "<group>"; };
		5FD475C3159B5B0500F4907C /* RMUser.m */ = {isa = PBXFileReference; fileEncoding = 4; lastKnownFileType = sourcecode.c.objc; path = RMUser.m; sourceTree = "<group>"; };
		5FD475C5159B667400F4907C /* RMSession.h */ = {isa = PBXFileReference; fileEncoding = 4; lastKnownFileType = sourcecode.c.h; path = RMSession.h; sourceTree = "<group>"; };
		5FD475C6159B667400F4907C /* RMSession.m */ = {isa = PBXFileReference; fileEncoding = 4; lastKnownFileType = sourcecode.c.objc; path = RMSession.m; sourceTree = "<group>"; };
		5FD56C0B159C2B6E00FCAF22 /* RMLogEntry.h */ = {isa = PBXFileReference; fileEncoding = 4; lastKnownFileType = sourcecode.c.h; path = RMLogEntry.h; sourceTree = "<group>"; };
		5FD56C0C159C2B6E00FCAF22 /* RMLogEntry.m */ = {isa = PBXFileReference; fileEncoding = 4; lastKnownFileType = sourcecode.c.objc; path = RMLogEntry.m; sourceTree = "<group>"; };
		5FD809E7159BABCB00621038 /* RMHousehold.h */ = {isa = PBXFileReference; fileEncoding = 4; lastKnownFileType = sourcecode.c.h; path = RMHousehold.h; sourceTree = "<group>"; };
		5FD809E8159BABCB00621038 /* RMHousehold.m */ = {isa = PBXFileReference; fileEncoding = 4; lastKnownFileType = sourcecode.c.objc; path = RMHousehold.m; sourceTree = "<group>"; };
		5FDD54E815BDEC1A00C4A78D /* ExpenseAddViewController.h */ = {isa = PBXFileReference; fileEncoding = 4; lastKnownFileType = sourcecode.c.h; path = ExpenseAddViewController.h; sourceTree = "<group>"; };
		5FDD54E915BDEC1A00C4A78D /* ExpenseAddViewController.m */ = {isa = PBXFileReference; fileEncoding = 4; lastKnownFileType = sourcecode.c.objc; path = ExpenseAddViewController.m; sourceTree = "<group>"; };
		5FE460E515D9515900DBE424 /* CommentAddViewController.h */ = {isa = PBXFileReference; fileEncoding = 4; lastKnownFileType = sourcecode.c.h; path = CommentAddViewController.h; sourceTree = "<group>"; };
		5FE460E615D9515A00DBE424 /* CommentAddViewController.m */ = {isa = PBXFileReference; fileEncoding = 4; lastKnownFileType = sourcecode.c.objc; path = CommentAddViewController.m; sourceTree = "<group>"; };
		5FE460E915D98E2D00DBE424 /* MKBlockAdditions.h */ = {isa = PBXFileReference; fileEncoding = 4; lastKnownFileType = sourcecode.c.h; path = MKBlockAdditions.h; sourceTree = "<group>"; };
		5FE460EA15D98E2D00DBE424 /* NSObject+MKBlockAdditions.h */ = {isa = PBXFileReference; fileEncoding = 4; lastKnownFileType = sourcecode.c.h; path = "NSObject+MKBlockAdditions.h"; sourceTree = "<group>"; };
		5FE460EB15D98E2D00DBE424 /* NSObject+MKBlockAdditions.m */ = {isa = PBXFileReference; fileEncoding = 4; lastKnownFileType = sourcecode.c.objc; path = "NSObject+MKBlockAdditions.m"; sourceTree = "<group>"; };
		5FE460EC15D98E2D00DBE424 /* UIActionSheet+MKBlockAdditions.h */ = {isa = PBXFileReference; fileEncoding = 4; lastKnownFileType = sourcecode.c.h; path = "UIActionSheet+MKBlockAdditions.h"; sourceTree = "<group>"; };
		5FE460ED15D98E2D00DBE424 /* UIActionSheet+MKBlockAdditions.m */ = {isa = PBXFileReference; fileEncoding = 4; lastKnownFileType = sourcecode.c.objc; path = "UIActionSheet+MKBlockAdditions.m"; sourceTree = "<group>"; };
		5FE460EE15D98E2D00DBE424 /* UIAlertView+MKBlockAdditions.h */ = {isa = PBXFileReference; fileEncoding = 4; lastKnownFileType = sourcecode.c.h; path = "UIAlertView+MKBlockAdditions.h"; sourceTree = "<group>"; };
		5FE460EF15D98E2D00DBE424 /* UIAlertView+MKBlockAdditions.m */ = {isa = PBXFileReference; fileEncoding = 4; lastKnownFileType = sourcecode.c.objc; path = "UIAlertView+MKBlockAdditions.m"; sourceTree = "<group>"; };
		5FF1C1ED15B5EA8100077016 /* reveal@2x.png */ = {isa = PBXFileReference; lastKnownFileType = image.png; name = "reveal@2x.png"; path = "Resources/reveal@2x.png"; sourceTree = "<group>"; };
		5FF1C1F815B6371400077016 /* ChecklistItemListViewController.h */ = {isa = PBXFileReference; fileEncoding = 4; lastKnownFileType = sourcecode.c.h; path = ChecklistItemListViewController.h; sourceTree = "<group>"; };
		5FF1C1F915B6371400077016 /* ChecklistItemListViewController.m */ = {isa = PBXFileReference; fileEncoding = 4; lastKnownFileType = sourcecode.c.objc; path = ChecklistItemListViewController.m; sourceTree = "<group>"; };
		5FF8804D15DA178A00DF87B9 /* RMPhotoable.h */ = {isa = PBXFileReference; lastKnownFileType = sourcecode.c.h; path = RMPhotoable.h; sourceTree = "<group>"; };
		5FFBCFBF15A68F1700CF161A /* NoteListViewController.h */ = {isa = PBXFileReference; fileEncoding = 4; lastKnownFileType = sourcecode.c.h; path = NoteListViewController.h; sourceTree = "<group>"; };
		5FFBCFC015A68F1700CF161A /* NoteListViewController.m */ = {isa = PBXFileReference; fileEncoding = 4; lastKnownFileType = sourcecode.c.objc; path = NoteListViewController.m; sourceTree = "<group>"; };
		5FFBCFC615A69B4500CF161A /* RMListViewController.h */ = {isa = PBXFileReference; fileEncoding = 4; lastKnownFileType = sourcecode.c.h; path = RMListViewController.h; sourceTree = "<group>"; };
		5FFBCFC715A69B4500CF161A /* RMListViewController.m */ = {isa = PBXFileReference; fileEncoding = 4; lastKnownFileType = sourcecode.c.objc; path = RMListViewController.m; sourceTree = "<group>"; };
		5FFBCFCA15A6A41500CF161A /* SVProgressHUD.bundle */ = {isa = PBXFileReference; lastKnownFileType = "wrapper.plug-in"; path = SVProgressHUD.bundle; sourceTree = "<group>"; };
		5FFBCFCB15A6A41500CF161A /* SVProgressHUD.h */ = {isa = PBXFileReference; fileEncoding = 4; lastKnownFileType = sourcecode.c.h; path = SVProgressHUD.h; sourceTree = "<group>"; };
		5FFBCFCC15A6A41500CF161A /* SVProgressHUD.m */ = {isa = PBXFileReference; fileEncoding = 4; lastKnownFileType = sourcecode.c.objc; path = SVProgressHUD.m; sourceTree = "<group>"; };
		5FFBCFCF15A6A9D600CF161A /* default.png */ = {isa = PBXFileReference; lastKnownFileType = image.png; path = default.png; sourceTree = "<group>"; };
		5FFBCFD015A6A9D600CF161A /* default@2x.png */ = {isa = PBXFileReference; lastKnownFileType = image.png; path = "default@2x.png"; sourceTree = "<group>"; };
		5FFBCFD315A6AB4200CF161A /* Icon.png */ = {isa = PBXFileReference; lastKnownFileType = image.png; path = Icon.png; sourceTree = "<group>"; };
/* End PBXFileReference section */

/* Begin PBXFrameworksBuildPhase section */
		5F703C3C1598FECD00EA51DF /* Frameworks */ = {
			isa = PBXFrameworksBuildPhase;
			buildActionMask = 2147483647;
			files = (
				5FDA65EB15B9B66400DEAE3A /* libSDWebImageARC.a in Frameworks */,
				5F01200E15B7AD1A00951A67 /* libRestKit.a in Frameworks */,
				5F56E58715B4F9F40086E161 /* ImageIO.framework in Frameworks */,
				5F0FAA7F15AD4B8E005408AF /* libz.dylib in Frameworks */,
				5FD475B9159B539E00F4907C /* libxml2.dylib in Frameworks */,
				5FD475B7159B539400F4907C /* QuartzCore.framework in Frameworks */,
				5FD475BB159B53A800F4907C /* SystemConfiguration.framework in Frameworks */,
				5FD475B5159B537C00F4907C /* Security.framework in Frameworks */,
				5FD475BD159B53C200F4907C /* MobileCoreServices.framework in Frameworks */,
				5FD475B3159B536C00F4907C /* CoreData.framework in Frameworks */,
				5FD475B2159B536C00F4907C /* CFNetwork.framework in Frameworks */,
				5F703C441598FECD00EA51DF /* UIKit.framework in Frameworks */,
				5F703C461598FECD00EA51DF /* Foundation.framework in Frameworks */,
				5F703C481598FECD00EA51DF /* CoreGraphics.framework in Frameworks */,
				5F0FAA7A15AD4B33005408AF /* libTestFlight.a in Frameworks */,
			);
			runOnlyForDeploymentPostprocessing = 0;
		};
/* End PBXFrameworksBuildPhase section */

/* Begin PBXGroup section */
		5F011FC715B7A9F500951A67 /* NSDate-TimeAgo */ = {
			isa = PBXGroup;
			children = (
				5F011FC815B7A9F500951A67 /* Localization */,
				5F011FCC15B7A9F500951A67 /* NSDate+TimeAgo.h */,
				5F011FCD15B7A9F500951A67 /* NSDate+TimeAgo.m */,
			);
			name = "NSDate-TimeAgo";
			path = "../NSDate-TimeAgo";
			sourceTree = "<group>";
		};
		5F011FC815B7A9F500951A67 /* Localization */ = {
			isa = PBXGroup;
			children = (
				5F011FC915B7A9F500951A67 /* NSDateTimeAgo.strings */,
			);
			path = Localization;
			sourceTree = "<group>";
		};
		5F011FD215B7AA0D00951A67 /* Vendor */ = {
			isa = PBXGroup;
			children = (
				5FE460E815D98E2D00DBE424 /* MKAdditions */,
				5F011FC715B7A9F500951A67 /* NSDate-TimeAgo */,
				5F3325C715CC35C000020D20 /* PDKeychainBindingsController */,
				5F9A5EDD15AE84F40053D6B3 /* PullToRefresh */,
				5FD47597159B51C900F4907C /* RestKit.xcodeproj */,
				5F56E57415B4F93C0086E161 /* SDWebImage.xcodeproj */,
				5FFBCFC915A6A41500CF161A /* SVProgressHUD */,
				5F0FAA7415AD4B33005408AF /* TestFlight */,
				5FAD766915A13F01005BBCAC /* ZUUIRevealController */,
			);
			name = Vendor;
			path = roommates;
			sourceTree = "<group>";
		};
		5F011FEA15B7AA5400951A67 /* Products */ = {
			isa = PBXGroup;
			children = (
				5F011FF215B7AA5500951A67 /* libRestKit.a */,
				5F011FF415B7AA5500951A67 /* RestKitTests.octest */,
				5F011FF615B7AA5500951A67 /* RestKit.framework */,
				5F011FF815B7AA5500951A67 /* RestKitFrameworkTests.octest */,
				5F011FFA15B7AA5500951A67 /* RestKitResources.bundle */,
			);
			name = Products;
			sourceTree = "<group>";
		};
		5F011FFE15B7AA5D00951A67 /* Products */ = {
			isa = PBXGroup;
			children = (
				5F01200415B7AA5D00951A67 /* libSDWebImage.a */,
				5F01200615B7AA5D00951A67 /* libSDWebImageARC.a */,
				5F01200815B7AA5D00951A67 /* libSDWebImageARC+MKAnnotation.a */,
			);
			name = Products;
			sourceTree = "<group>";
		};
		5F0FAA7415AD4B33005408AF /* TestFlight */ = {
			isa = PBXGroup;
			children = (
				5F0FAA7515AD4B33005408AF /* libTestFlight.a */,
				5F0FAA7615AD4B33005408AF /* README.txt */,
				5F0FAA7715AD4B33005408AF /* release_notes.txt */,
				5F0FAA7815AD4B33005408AF /* TestFlight.h */,
			);
			path = TestFlight;
			sourceTree = "<group>";
		};
		5F15614F15A8BE350065BAA2 /* Signin */ = {
			isa = PBXGroup;
			children = (
				5F15615415A8BFB40065BAA2 /* SigninViewController.h */,
				5F15615515A8BFB40065BAA2 /* SigninViewController.m */,
			);
			name = Signin;
			sourceTree = "<group>";
		};
		5F1ECD4315AFCAD100C314A6 /* Transactions */ = {
			isa = PBXGroup;
			children = (
				5F0CA1EC15B0B1DF00C7CFAC /* ExpensesSummaryViewController.h */,
				5F0CA1ED15B0B1DF00C7CFAC /* ExpensesSummaryViewController.m */,
				5F3325CE15CC689A00020D20 /* ExpensesSummaryItem.h */,
				5F3325CF15CC689A00020D20 /* ExpensesSummaryItem.m */,
				5FDD54E815BDEC1A00C4A78D /* ExpenseAddViewController.h */,
				5FDD54E915BDEC1A00C4A78D /* ExpenseAddViewController.m */,
				5F1ECD5015AFD16500C314A6 /* ReimbursalAddViewController.h */,
				5F1ECD5115AFD16500C314A6 /* ReimbursalAddViewController.m */,
			);
			name = Transactions;
			sourceTree = "<group>";
		};
		5F1ECD4415AFCAEF00C314A6 /* Comments */ = {
			isa = PBXGroup;
			children = (
				5FE460E515D9515900DBE424 /* CommentAddViewController.h */,
				5FE460E615D9515A00DBE424 /* CommentAddViewController.m */,
			);
			name = Comments;
			sourceTree = "<group>";
		};
		5F1ECD4615AFCB2500C314A6 /* ChecklistItems */ = {
			isa = PBXGroup;
			children = (
				5FF1C1F815B6371400077016 /* ChecklistItemListViewController.h */,
				5FF1C1F915B6371400077016 /* ChecklistItemListViewController.m */,
				5F011FC315B7A64300951A67 /* ChecklistItemDetailViewController.h */,
				5F011FC415B7A64300951A67 /* ChecklistItemDetailViewController.m */,
			);
			name = ChecklistItems;
			sourceTree = "<group>";
		};
		5F286C2A159E93C500310016 /* ActivityFeed */ = {
			isa = PBXGroup;
			children = (
				5F034121159E77D000A81275 /* LogEntryViewController.h */,
				5F034122159E77D000A81275 /* LogEntryViewController.m */,
				5F286C2B159E93E400310016 /* LogEntryCell.h */,
				5F286C2C159E93E400310016 /* LogEntryCell.m */,
			);
			name = ActivityFeed;
			sourceTree = "<group>";
		};
		5F3325C715CC35C000020D20 /* PDKeychainBindingsController */ = {
			isa = PBXGroup;
			children = (
				5F3325C815CC35C000020D20 /* PDKeychainBindings.h */,
				5F3325C915CC35C000020D20 /* PDKeychainBindings.m */,
				5F3325CA15CC35C000020D20 /* PDKeychainBindingsController.h */,
				5F3325CB15CC35C000020D20 /* PDKeychainBindingsController.m */,
			);
			name = PDKeychainBindingsController;
			path = PDKeychainBindingsController/PDKeychainBindingsController;
			sourceTree = SOURCE_ROOT;
		};
		5F703C341598FECC00EA51DF = {
			isa = PBXGroup;
			children = (
				5F703C491598FECD00EA51DF /* roommates */,
				5F011FD215B7AA0D00951A67 /* Vendor */,
				5F703C421598FECD00EA51DF /* Frameworks */,
				5F703C401598FECD00EA51DF /* Products */,
			);
			sourceTree = "<group>";
		};
		5F703C401598FECD00EA51DF /* Products */ = {
			isa = PBXGroup;
			children = (
				5F703C3F1598FECD00EA51DF /* roommates.app */,
			);
			name = Products;
			sourceTree = "<group>";
		};
		5F703C421598FECD00EA51DF /* Frameworks */ = {
			isa = PBXGroup;
			children = (
				5F56E58615B4F9F40086E161 /* ImageIO.framework */,
				5FD475BC159B53C200F4907C /* MobileCoreServices.framework */,
				5FD475BA159B53A800F4907C /* SystemConfiguration.framework */,
				5FD475B8159B539E00F4907C /* libxml2.dylib */,
				5F0FAA7E15AD4B8E005408AF /* libz.dylib */,
				5FD475B6159B539400F4907C /* QuartzCore.framework */,
				5FD475B4159B537C00F4907C /* Security.framework */,
				5FD475B0159B536C00F4907C /* CFNetwork.framework */,
				5FD475B1159B536C00F4907C /* CoreData.framework */,
				5F703C431598FECD00EA51DF /* UIKit.framework */,
				5F703C451598FECD00EA51DF /* Foundation.framework */,
				5F703C471598FECD00EA51DF /* CoreGraphics.framework */,
			);
			name = Frameworks;
			sourceTree = "<group>";
		};
		5F703C491598FECD00EA51DF /* roommates */ = {
			isa = PBXGroup;
			children = (
				5F703C521598FECD00EA51DF /* AppDelegate.h */,
				5F703C531598FECD00EA51DF /* AppDelegate.m */,
				5FD475C1159B5ADA00F4907C /* DataObjects */,
				5F15614F15A8BE350065BAA2 /* Signin */,
				5FAD767215A144F1005BBCAC /* Menu */,
				5F286C2A159E93C500310016 /* ActivityFeed */,
				5F1ECD4315AFCAD100C314A6 /* Transactions */,
				5F1ECD4615AFCB2500C314A6 /* ChecklistItems */,
				5FFBCFBE15A68E8100CF161A /* Notes */,
				5F1ECD4415AFCAEF00C314A6 /* Comments */,
				5FBCC83715B5B8910031CBB1 /* Users */,
				5F703C4A1598FECD00EA51DF /* Supporting Files */,
				5FBCC83815B5BBBF0031CBB1 /* Resources */,
			);
			path = roommates;
			sourceTree = "<group>";
		};
		5F703C4A1598FECD00EA51DF /* Supporting Files */ = {
			isa = PBXGroup;
			children = (
				5F703C551598FECD00EA51DF /* MainStoryboard.storyboard */,
				5FFBCFC615A69B4500CF161A /* RMListViewController.h */,
				5FFBCFC715A69B4500CF161A /* RMListViewController.m */,
				5F703C4B1598FECD00EA51DF /* roommates-Info.plist */,
				5F703C4C1598FECD00EA51DF /* InfoPlist.strings */,
				5F703C4F1598FECD00EA51DF /* main.m */,
				5F703C511598FECD00EA51DF /* roommates-Prefix.pch */,
				5FF8804D15DA178A00DF87B9 /* RMPhotoable.h */,
			);
			name = "Supporting Files";
			sourceTree = "<group>";
		};
		5F9A5EDD15AE84F40053D6B3 /* PullToRefresh */ = {
			isa = PBXGroup;
			children = (
				5F9A5EDE15AE84F50053D6B3 /* arrow.png */,
				5F9A5EDF15AE84F50053D6B3 /* arrow@2x.png */,
				5F9A5EE015AE84F50053D6B3 /* PullToRefreshView.h */,
				5F9A5EE115AE84F50053D6B3 /* PullToRefreshView.m */,
			);
			path = PullToRefresh;
			sourceTree = SOURCE_ROOT;
		};
		5FAD766915A13F01005BBCAC /* ZUUIRevealController */ = {
			isa = PBXGroup;
			children = (
				5FAD766A15A13F01005BBCAC /* ZUUIRevealController-Prefix.pch */,
				5FAD766B15A13F01005BBCAC /* ZUUIRevealController.h */,
				5FAD766C15A13F01005BBCAC /* ZUUIRevealController.m */,
			);
			name = ZUUIRevealController;
			path = ZUUIRevealController/ZUUIRevealController;
			sourceTree = SOURCE_ROOT;
		};
		5FAD767215A144F1005BBCAC /* Menu */ = {
			isa = PBXGroup;
			children = (
				5F0CA1E915B0A83B00C7CFAC /* RootViewController.h */,
				5F0CA1EA15B0A83B00C7CFAC /* RootViewController.m */,
				5FAD767715A16321005BBCAC /* MenuViewController.h */,
				5FAD767815A16321005BBCAC /* MenuViewController.m */,
			);
			name = Menu;
			sourceTree = "<group>";
		};
		5FBCC83715B5B8910031CBB1 /* Users */ = {
			isa = PBXGroup;
			children = (
				5F1ECD4715AFCBBE00C314A6 /* UserViewController.h */,
				5F1ECD4815AFCBBE00C314A6 /* UserViewController.m */,
			);
			name = Users;
			sourceTree = "<group>";
		};
		5FBCC83815B5BBBF0031CBB1 /* Resources */ = {
			isa = PBXGroup;
			children = (
				5F51C85E15D0211300EAC1EB /* checkmark_off@2x.png */,
				5F51C85F15D0211300EAC1EB /* checkmark_on@2x.png */,
				5F3325D115CC6AD900020D20 /* checkmark_off.png */,
				5F3325D215CC6AD900020D20 /* checkmark_on.png */,
				5FAD3D8C15C42D4C002E0F86 /* logo.png */,
				5FAD3D8D15C42D4C002E0F86 /* logo@2x.png */,
				5FAD3D8E15C42D4C002E0F86 /* background@2x.png */,
				5FAD3D8F15C42D4C002E0F86 /* background.png */,
				5FFBCFD315A6AB4200CF161A /* Icon.png */,
				5F70D2D915B3B9FD009D6CB6 /* Icon@2x.png */,
				5FFBCFCF15A6A9D600CF161A /* default.png */,
				5FFBCFD015A6A9D600CF161A /* default@2x.png */,
				5FBCC83915B5BC210031CBB1 /* reveal.png */,
				5FF1C1ED15B5EA8100077016 /* reveal@2x.png */,
				5F56E58815B4FBC10086E161 /* placeholder.png */,
				5F70D2DB15B3C05A009D6CB6 /* purty_wood.png */,
			);
			name = Resources;
			sourceTree = "<group>";
		};
		5FD475C1159B5ADA00F4907C /* DataObjects */ = {
			isa = PBXGroup;
			children = (
				5FAD767C15A218F0005BBCAC /* RMData.xcdatamodeld */,
				5F1ECD5315AFD8AC00C314A6 /* RMData.h */,
				5F9E5ED015A29C08007D355C /* RMObject.h */,
				5FD475C2159B5B0500F4907C /* RMUser.h */,
				5FD475C3159B5B0500F4907C /* RMUser.m */,
				5FD475C5159B667400F4907C /* RMSession.h */,
				5FD475C6159B667400F4907C /* RMSession.m */,
				5FD809E7159BABCB00621038 /* RMHousehold.h */,
				5FD809E8159BABCB00621038 /* RMHousehold.m */,
				5F0FAA8015ADB75A005408AF /* RMComment.h */,
				5F0FAA8115ADB75A005408AF /* RMComment.m */,
				5FD56C0B159C2B6E00FCAF22 /* RMLogEntry.h */,
				5FD56C0C159C2B6E00FCAF22 /* RMLogEntry.m */,
				5F70D2D615B3B9E0009D6CB6 /* RMChecklistItem.h */,
				5F70D2D715B3B9E1009D6CB6 /* RMChecklistItem.m */,
				5F4540E115A736CE00386BEC /* RMNote.h */,
				5F4540E215A736CE00386BEC /* RMNote.m */,
				5F9A252015BCBCA1004382C4 /* RMTransaction.h */,
				5F9A252115BCBCA1004382C4 /* RMTransaction.m */,
				5F9A252315BCBCBA004382C4 /* RMExpense.h */,
				5F9A252415BCBCBA004382C4 /* RMExpense.m */,
				5F9A252615BCBCC5004382C4 /* RMReimbursal.h */,
				5F9A252715BCBCC5004382C4 /* RMReimbursal.m */,
			);
			name = DataObjects;
			sourceTree = "<group>";
		};
		5FE460E815D98E2D00DBE424 /* MKAdditions */ = {
			isa = PBXGroup;
			children = (
				5FE460E915D98E2D00DBE424 /* MKBlockAdditions.h */,
				5FE460EA15D98E2D00DBE424 /* NSObject+MKBlockAdditions.h */,
				5FE460EB15D98E2D00DBE424 /* NSObject+MKBlockAdditions.m */,
				5FE460EC15D98E2D00DBE424 /* UIActionSheet+MKBlockAdditions.h */,
				5FE460ED15D98E2D00DBE424 /* UIActionSheet+MKBlockAdditions.m */,
				5FE460EE15D98E2D00DBE424 /* UIAlertView+MKBlockAdditions.h */,
				5FE460EF15D98E2D00DBE424 /* UIAlertView+MKBlockAdditions.m */,
			);
			name = MKAdditions;
			path = UIKitCategoryAdditions/MKAdditions;
			sourceTree = SOURCE_ROOT;
		};
		5FFBCFBE15A68E8100CF161A /* Notes */ = {
			isa = PBXGroup;
			children = (
				5FFBCFBF15A68F1700CF161A /* NoteListViewController.h */,
				5FFBCFC015A68F1700CF161A /* NoteListViewController.m */,
				5F15615B15A907C80065BAA2 /* NoteCell.h */,
				5F15615C15A907C80065BAA2 /* NoteCell.m */,
				5F7BE28B15C9B16300616576 /* NoteAddViewController.h */,
				5F7BE28C15C9B16300616576 /* NoteAddViewController.m */,
			);
			name = Notes;
			sourceTree = "<group>";
		};
		5FFBCFC915A6A41500CF161A /* SVProgressHUD */ = {
			isa = PBXGroup;
			children = (
				5FFBCFCA15A6A41500CF161A /* SVProgressHUD.bundle */,
				5FFBCFCB15A6A41500CF161A /* SVProgressHUD.h */,
				5FFBCFCC15A6A41500CF161A /* SVProgressHUD.m */,
			);
			name = SVProgressHUD;
			path = SVProgressHUD/SVProgressHUD;
			sourceTree = SOURCE_ROOT;
		};
/* End PBXGroup section */

/* Begin PBXNativeTarget section */
		5F703C3E1598FECD00EA51DF /* roommates */ = {
			isa = PBXNativeTarget;
			buildConfigurationList = 5F703C5D1598FECD00EA51DF /* Build configuration list for PBXNativeTarget "roommates" */;
			buildPhases = (
				5F703C3B1598FECD00EA51DF /* Sources */,
				5F703C3C1598FECD00EA51DF /* Frameworks */,
				5F703C3D1598FECD00EA51DF /* Resources */,
			);
			buildRules = (
			);
			dependencies = (
				5F01200B15B7AC8200951A67 /* PBXTargetDependency */,
				5F01200D15B7AC8200951A67 /* PBXTargetDependency */,
			);
			name = roommates;
			productName = roommates;
			productReference = 5F703C3F1598FECD00EA51DF /* roommates.app */;
			productType = "com.apple.product-type.application";
		};
/* End PBXNativeTarget section */

/* Begin PBXProject section */
		5F703C361598FECC00EA51DF /* Project object */ = {
			isa = PBXProject;
			attributes = {
				LastUpgradeCheck = 0430;
				ORGANIZATIONNAME = drewish.com;
			};
			buildConfigurationList = 5F703C391598FECC00EA51DF /* Build configuration list for PBXProject "roommates" */;
			compatibilityVersion = "Xcode 3.2";
			developmentRegion = English;
			hasScannedForEncodings = 0;
			knownRegions = (
				en,
				es,
			);
			mainGroup = 5F703C341598FECC00EA51DF;
			productRefGroup = 5F703C401598FECD00EA51DF /* Products */;
			projectDirPath = "";
			projectReferences = (
				{
					ProductGroup = 5F011FEA15B7AA5400951A67 /* Products */;
					ProjectRef = 5FD47597159B51C900F4907C /* RestKit.xcodeproj */;
				},
				{
					ProductGroup = 5F011FFE15B7AA5D00951A67 /* Products */;
					ProjectRef = 5F56E57415B4F93C0086E161 /* SDWebImage.xcodeproj */;
				},
			);
			projectRoot = "";
			targets = (
				5F703C3E1598FECD00EA51DF /* roommates */,
			);
		};
/* End PBXProject section */

/* Begin PBXReferenceProxy section */
		5F011FF215B7AA5500951A67 /* libRestKit.a */ = {
			isa = PBXReferenceProxy;
			fileType = archive.ar;
			path = libRestKit.a;
			remoteRef = 5F011FF115B7AA5500951A67 /* PBXContainerItemProxy */;
			sourceTree = BUILT_PRODUCTS_DIR;
		};
		5F011FF415B7AA5500951A67 /* RestKitTests.octest */ = {
			isa = PBXReferenceProxy;
			fileType = wrapper.cfbundle;
			path = RestKitTests.octest;
			remoteRef = 5F011FF315B7AA5500951A67 /* PBXContainerItemProxy */;
			sourceTree = BUILT_PRODUCTS_DIR;
		};
		5F011FF615B7AA5500951A67 /* RestKit.framework */ = {
			isa = PBXReferenceProxy;
			fileType = wrapper.framework;
			path = RestKit.framework;
			remoteRef = 5F011FF515B7AA5500951A67 /* PBXContainerItemProxy */;
			sourceTree = BUILT_PRODUCTS_DIR;
		};
		5F011FF815B7AA5500951A67 /* RestKitFrameworkTests.octest */ = {
			isa = PBXReferenceProxy;
			fileType = wrapper.cfbundle;
			path = RestKitFrameworkTests.octest;
			remoteRef = 5F011FF715B7AA5500951A67 /* PBXContainerItemProxy */;
			sourceTree = BUILT_PRODUCTS_DIR;
		};
		5F011FFA15B7AA5500951A67 /* RestKitResources.bundle */ = {
			isa = PBXReferenceProxy;
			fileType = wrapper.cfbundle;
			path = RestKitResources.bundle;
			remoteRef = 5F011FF915B7AA5500951A67 /* PBXContainerItemProxy */;
			sourceTree = BUILT_PRODUCTS_DIR;
		};
		5F01200415B7AA5D00951A67 /* libSDWebImage.a */ = {
			isa = PBXReferenceProxy;
			fileType = archive.ar;
			path = libSDWebImage.a;
			remoteRef = 5F01200315B7AA5D00951A67 /* PBXContainerItemProxy */;
			sourceTree = BUILT_PRODUCTS_DIR;
		};
		5F01200615B7AA5D00951A67 /* libSDWebImageARC.a */ = {
			isa = PBXReferenceProxy;
			fileType = archive.ar;
			path = libSDWebImageARC.a;
			remoteRef = 5F01200515B7AA5D00951A67 /* PBXContainerItemProxy */;
			sourceTree = BUILT_PRODUCTS_DIR;
		};
		5F01200815B7AA5D00951A67 /* libSDWebImageARC+MKAnnotation.a */ = {
			isa = PBXReferenceProxy;
			fileType = archive.ar;
			path = "libSDWebImageARC+MKAnnotation.a";
			remoteRef = 5F01200715B7AA5D00951A67 /* PBXContainerItemProxy */;
			sourceTree = BUILT_PRODUCTS_DIR;
		};
/* End PBXReferenceProxy section */

/* Begin PBXResourcesBuildPhase section */
		5F703C3D1598FECD00EA51DF /* Resources */ = {
			isa = PBXResourcesBuildPhase;
			buildActionMask = 2147483647;
			files = (
				5F703C4E1598FECD00EA51DF /* InfoPlist.strings in Resources */,
				5F703C571598FECD00EA51DF /* MainStoryboard.storyboard in Resources */,
				5FFBCFCD15A6A41500CF161A /* SVProgressHUD.bundle in Resources */,
				5FFBCFD115A6A9D600CF161A /* default.png in Resources */,
				5FFBCFD215A6A9D600CF161A /* default@2x.png in Resources */,
				5FFBCFD515A6AB4300CF161A /* Icon.png in Resources */,
				5F0FAA7B15AD4B33005408AF /* README.txt in Resources */,
				5F0FAA7C15AD4B33005408AF /* release_notes.txt in Resources */,
				5F9A5EE315AE84F50053D6B3 /* arrow.png in Resources */,
				5F9A5EE415AE84F50053D6B3 /* arrow@2x.png in Resources */,
				5F70D2DA15B3B9FD009D6CB6 /* Icon@2x.png in Resources */,
				5F70D2DC15B3C05A009D6CB6 /* purty_wood.png in Resources */,
				5F56E58915B4FBC10086E161 /* placeholder.png in Resources */,
				5FBCC83A15B5BC210031CBB1 /* reveal.png in Resources */,
				5FF1C1EE15B5EA8100077016 /* reveal@2x.png in Resources */,
				5F011FCF15B7A9F500951A67 /* NSDateTimeAgo.strings in Resources */,
				5FAD3D9015C42D4C002E0F86 /* logo.png in Resources */,
				5FAD3D9115C42D4C002E0F86 /* logo@2x.png in Resources */,
				5FAD3D9215C42D4C002E0F86 /* background@2x.png in Resources */,
				5FAD3D9315C42D4C002E0F86 /* background.png in Resources */,
				5F3325D315CC6AD900020D20 /* checkmark_off.png in Resources */,
				5F3325D415CC6AD900020D20 /* checkmark_on.png in Resources */,
				5F51C86015D0211300EAC1EB /* checkmark_off@2x.png in Resources */,
				5F51C86115D0211300EAC1EB /* checkmark_on@2x.png in Resources */,
			);
			runOnlyForDeploymentPostprocessing = 0;
		};
/* End PBXResourcesBuildPhase section */

/* Begin PBXSourcesBuildPhase section */
		5F703C3B1598FECD00EA51DF /* Sources */ = {
			isa = PBXSourcesBuildPhase;
			buildActionMask = 2147483647;
			files = (
				5F703C501598FECD00EA51DF /* main.m in Sources */,
				5F703C541598FECD00EA51DF /* AppDelegate.m in Sources */,
				5FD475C4159B5B0500F4907C /* RMUser.m in Sources */,
				5FD475C7159B667400F4907C /* RMSession.m in Sources */,
				5FD809E9159BABCB00621038 /* RMHousehold.m in Sources */,
				5FD56C0D159C2B6E00FCAF22 /* RMLogEntry.m in Sources */,
				5F034123159E77D000A81275 /* LogEntryViewController.m in Sources */,
				5F286C2D159E93E400310016 /* LogEntryCell.m in Sources */,
				5FAD766D15A13F01005BBCAC /* ZUUIRevealController.m in Sources */,
				5FAD767915A16321005BBCAC /* MenuViewController.m in Sources */,
				5FAD767E15A218F0005BBCAC /* RMData.xcdatamodeld in Sources */,
				5FFBCFC115A68F1700CF161A /* NoteListViewController.m in Sources */,
				5FFBCFC815A69B4500CF161A /* RMListViewController.m in Sources */,
				5FFBCFCE15A6A41500CF161A /* SVProgressHUD.m in Sources */,
				5F4540E315A736CE00386BEC /* RMNote.m in Sources */,
				5F15615615A8BFB40065BAA2 /* SigninViewController.m in Sources */,
				5F15615D15A907C80065BAA2 /* NoteCell.m in Sources */,
				5F0FAA8215ADB75A005408AF /* RMComment.m in Sources */,
				5F9A5EE515AE84F50053D6B3 /* PullToRefreshView.m in Sources */,
				5F1ECD4915AFCBBE00C314A6 /* UserViewController.m in Sources */,
				5F1ECD5215AFD16500C314A6 /* ReimbursalAddViewController.m in Sources */,
				5F0CA1EB15B0A83B00C7CFAC /* RootViewController.m in Sources */,
				5F0CA1EE15B0B1E000C7CFAC /* ExpensesSummaryViewController.m in Sources */,
				5F70D2D815B3B9E1009D6CB6 /* RMChecklistItem.m in Sources */,
				5FF1C1FA15B6371400077016 /* ChecklistItemListViewController.m in Sources */,
				5F011FC515B7A64300951A67 /* ChecklistItemDetailViewController.m in Sources */,
				5F011FD015B7A9F500951A67 /* NSDate+TimeAgo.m in Sources */,
				5F9A252215BCBCA2004382C4 /* RMTransaction.m in Sources */,
				5F9A252515BCBCBA004382C4 /* RMExpense.m in Sources */,
				5F9A252815BCBCC6004382C4 /* RMReimbursal.m in Sources */,
				5FDD54EA15BDEC1A00C4A78D /* ExpenseAddViewController.m in Sources */,
				5F7BE28D15C9B16300616576 /* NoteAddViewController.m in Sources */,
				5F3325CC15CC35C000020D20 /* PDKeychainBindings.m in Sources */,
				5F3325CD15CC35C000020D20 /* PDKeychainBindingsController.m in Sources */,
				5F3325D015CC689A00020D20 /* ExpensesSummaryItem.m in Sources */,
				5FE460E715D9515A00DBE424 /* CommentAddViewController.m in Sources */,
				5FE460F015D98E2D00DBE424 /* NSObject+MKBlockAdditions.m in Sources */,
				5FE460F115D98E2D00DBE424 /* UIActionSheet+MKBlockAdditions.m in Sources */,
				5FE460F215D98E2D00DBE424 /* UIAlertView+MKBlockAdditions.m in Sources */,
			);
			runOnlyForDeploymentPostprocessing = 0;
		};
/* End PBXSourcesBuildPhase section */

/* Begin PBXTargetDependency section */
		5F01200B15B7AC8200951A67 /* PBXTargetDependency */ = {
			isa = PBXTargetDependency;
			name = RestKit;
			targetProxy = 5F01200A15B7AC8200951A67 /* PBXContainerItemProxy */;
		};
		5F01200D15B7AC8200951A67 /* PBXTargetDependency */ = {
			isa = PBXTargetDependency;
			name = "SDWebImage ARC";
			targetProxy = 5F01200C15B7AC8200951A67 /* PBXContainerItemProxy */;
		};
/* End PBXTargetDependency section */

/* Begin PBXVariantGroup section */
		5F011FC915B7A9F500951A67 /* NSDateTimeAgo.strings */ = {
			isa = PBXVariantGroup;
			children = (
				5F011FCA15B7A9F500951A67 /* en */,
				5F011FCB15B7A9F500951A67 /* es */,
			);
			name = NSDateTimeAgo.strings;
			sourceTree = "<group>";
		};
		5F703C4C1598FECD00EA51DF /* InfoPlist.strings */ = {
			isa = PBXVariantGroup;
			children = (
				5F703C4D1598FECD00EA51DF /* en */,
			);
			name = InfoPlist.strings;
			sourceTree = "<group>";
		};
		5F703C551598FECD00EA51DF /* MainStoryboard.storyboard */ = {
			isa = PBXVariantGroup;
			children = (
				5F703C561598FECD00EA51DF /* en */,
			);
			name = MainStoryboard.storyboard;
			sourceTree = "<group>";
		};
/* End PBXVariantGroup section */

/* Begin XCBuildConfiguration section */
		5F703C5B1598FECD00EA51DF /* Debug */ = {
			isa = XCBuildConfiguration;
			buildSettings = {
				ALWAYS_SEARCH_USER_PATHS = NO;
				ARCHS = "$(ARCHS_STANDARD_32_BIT)";
				CLANG_ENABLE_OBJC_ARC = YES;
				"CODE_SIGN_IDENTITY[sdk=iphoneos*]" = "iPhone Developer";
				COPY_PHASE_STRIP = NO;
				GCC_C_LANGUAGE_STANDARD = gnu99;
				GCC_DYNAMIC_NO_PIC = NO;
				GCC_OPTIMIZATION_LEVEL = 0;
				GCC_PREPROCESSOR_DEFINITIONS = (
					"DEBUG=1",
					"$(inherited)",
				);
				GCC_SYMBOLS_PRIVATE_EXTERN = NO;
				GCC_VERSION = "";
				GCC_WARN_ABOUT_RETURN_TYPE = YES;
				GCC_WARN_UNINITIALIZED_AUTOS = YES;
				GCC_WARN_UNUSED_VARIABLE = YES;
				IPHONEOS_DEPLOYMENT_TARGET = 5.0;
				SDKROOT = iphoneos;
			};
			name = Debug;
		};
		5F703C5C1598FECD00EA51DF /* Release */ = {
			isa = XCBuildConfiguration;
			buildSettings = {
				ALWAYS_SEARCH_USER_PATHS = NO;
				ARCHS = "$(ARCHS_STANDARD_32_BIT)";
				CLANG_ENABLE_OBJC_ARC = YES;
				"CODE_SIGN_IDENTITY[sdk=iphoneos*]" = "iPhone Developer";
				COPY_PHASE_STRIP = YES;
				GCC_C_LANGUAGE_STANDARD = gnu99;
				GCC_VERSION = "";
				GCC_WARN_ABOUT_RETURN_TYPE = YES;
				GCC_WARN_UNINITIALIZED_AUTOS = YES;
				GCC_WARN_UNUSED_VARIABLE = YES;
				IPHONEOS_DEPLOYMENT_TARGET = 5.0;
				OTHER_CFLAGS = "-DNS_BLOCK_ASSERTIONS=1";
				SDKROOT = iphoneos;
				VALIDATE_PRODUCT = YES;
			};
			name = Release;
		};
		5F703C5E1598FECD00EA51DF /* Debug */ = {
			isa = XCBuildConfiguration;
			buildSettings = {
				GCC_PRECOMPILE_PREFIX_HEADER = YES;
				GCC_PREFIX_HEADER = "roommates/roommates-Prefix.pch";
				HEADER_SEARCH_PATHS = (
					"\"$(BUILT_PRODUCTS_DIR)/../../Headers\"",
					"\"$(SOURCE_ROOT)/SDWebImage\"",
				);
				INFOPLIST_FILE = "roommates/roommates-Info.plist";
				LIBRARY_SEARCH_PATHS = (
					"$(inherited)",
					"\"$(SRCROOT)/roommates/TestFlight\"",
				);
				OTHER_LDFLAGS = "-ObjC";
				PRODUCT_NAME = "$(TARGET_NAME)";
				USER_HEADER_SEARCH_PATHS = "\"$(BUILT_PRODUCTS_DIR)/../../Headers\" \"$(SOURCE_ROOT)/SDWebImage\"";
				WRAPPER_EXTENSION = app;
			};
			name = Debug;
		};
		5F703C5F1598FECD00EA51DF /* Release */ = {
			isa = XCBuildConfiguration;
			buildSettings = {
				GCC_PRECOMPILE_PREFIX_HEADER = YES;
				GCC_PREFIX_HEADER = "roommates/roommates-Prefix.pch";
				HEADER_SEARCH_PATHS = (
					"\"$(BUILT_PRODUCTS_DIR)/../../Headers\"",
					"\"$(SOURCE_ROOT)/SDWebImage\"",
				);
				INFOPLIST_FILE = "roommates/roommates-Info.plist";
				LIBRARY_SEARCH_PATHS = (
					"$(inherited)",
					"\"$(SRCROOT)/roommates/TestFlight\"",
				);
				OTHER_LDFLAGS = "-ObjC";
				PRODUCT_NAME = "$(TARGET_NAME)";
				USER_HEADER_SEARCH_PATHS = "\"$(BUILT_PRODUCTS_DIR)/../../Headers\" \"$(SOURCE_ROOT)/SDWebImage\"";
				WRAPPER_EXTENSION = app;
			};
			name = Release;
		};
/* End XCBuildConfiguration section */

/* Begin XCConfigurationList section */
		5F703C391598FECC00EA51DF /* Build configuration list for PBXProject "roommates" */ = {
			isa = XCConfigurationList;
			buildConfigurations = (
				5F703C5B1598FECD00EA51DF /* Debug */,
				5F703C5C1598FECD00EA51DF /* Release */,
			);
			defaultConfigurationIsVisible = 0;
			defaultConfigurationName = Release;
		};
		5F703C5D1598FECD00EA51DF /* Build configuration list for PBXNativeTarget "roommates" */ = {
			isa = XCConfigurationList;
			buildConfigurations = (
				5F703C5E1598FECD00EA51DF /* Debug */,
				5F703C5F1598FECD00EA51DF /* Release */,
			);
			defaultConfigurationIsVisible = 0;
			defaultConfigurationName = Release;
		};
/* End XCConfigurationList section */

/* Begin XCVersionGroup section */
		5FAD767C15A218F0005BBCAC /* RMData.xcdatamodeld */ = {
			isa = XCVersionGroup;
			children = (
				5FAD767D15A218F0005BBCAC /* RMData.xcdatamodel */,
			);
			currentVersion = 5FAD767D15A218F0005BBCAC /* RMData.xcdatamodel */;
			path = RMData.xcdatamodeld;
			sourceTree = "<group>";
			versionGroupType = wrapper.xcdatamodel;
		};
/* End XCVersionGroup section */
	};
	rootObject = 5F703C361598FECC00EA51DF /* Project object */;
}
